// !$*UTF8*$!
{
	archiveVersion = 1;
	classes = {
	};
	objectVersion = 56;
	objects = {

/* Begin PBXBuildFile section */
		8FC7EE805BAD5626D8142D7F /* AppEnvironment.swift in Sources */ = {isa = PBXBuildFile; fileRef = 52D492CDB71F0ED6D9AAEB49 /* AppEnvironment.swift */; };
		EC399A1F47C4E766669C302E /* LegalLinks.swift in Sources */ = {isa = PBXBuildFile; fileRef = 3F0AFA45DD1EEF194490F23F /* LegalLinks.swift */; };
		09E83AEAA1DEE74041376B8D /* PlumApp.swift in Sources */ = {isa = PBXBuildFile; fileRef = AA4A47D512D802569CBD89B6 /* PlumApp.swift */; };
		A429D9DCE81A027F6E599FD9 /* RootView.swift in Sources */ = {isa = PBXBuildFile; fileRef = D96309AD54F47A2400FA6F4F /* RootView.swift */; };
		EBA0F90B5CC599EA19ABAEBF /* SelectionRefreshSignal.swift in Sources */ = {isa = PBXBuildFile; fileRef = 7CE113BE4081AA789BC015DE /* SelectionRefreshSignal.swift */; };
		963B3B4D0F28BB027B04DC5B /* SessionStore.swift in Sources */ = {isa = PBXBuildFile; fileRef = A33AF4A40088A1DA10B2C00F /* SessionStore.swift */; };
		4A45E0B1A3EA465FADA46DA3 /* AppearancePreference.swift in Sources */ = {isa = PBXBuildFile; fileRef = CEAB3A9162B4969C9FC679DC /* AppearancePreference.swift */; };
		0484D669EF6CB5527567B1E9 /* Buttons.swift in Sources */ = {isa = PBXBuildFile; fileRef = 37DA512E2E2A62A587B25081 /* Buttons.swift */; };
		DA067512737A7A9F701F0F79 /* Components.swift in Sources */ = {isa = PBXBuildFile; fileRef = D9B40ED75E24F8FDE254BFE7 /* Components.swift */; };
		A7E4388B8CF3D14E08F2582C /* PlumTheme.swift in Sources */ = {isa = PBXBuildFile; fileRef = B027F34AAF6DC97E77BDFFCC /* PlumTheme.swift */; };
		C6911428429D3D9CEFC64B82 /* Typography.swift in Sources */ = {isa = PBXBuildFile; fileRef = 64C9E037FEFA83B9DB99CC63 /* Typography.swift */; };
		90D7F9349E75C5BC74446471 /* AuthFormView.swift in Sources */ = {isa = PBXBuildFile; fileRef = 3EF1FBB7382110558947D6C2 /* AuthFormView.swift */; };
		21A180C03D7ED2A13952A263 /* AuthViewModel.swift in Sources */ = {isa = PBXBuildFile; fileRef = 5C709763D5F3E536377A788F /* AuthViewModel.swift */; };
		7B33B2E586E57FFACA2FAFF0 /* WelcomeView.swift in Sources */ = {isa = PBXBuildFile; fileRef = D27F01FDCF147DD7D399FA6D /* WelcomeView.swift */; };
		A211617D53FD366E0B305736 /* ChatView.swift in Sources */ = {isa = PBXBuildFile; fileRef = 22DCD38862A9180E16E53E32 /* ChatView.swift */; };
		41CD82720977B100D4DC7AB7 /* ChatViewModel.swift in Sources */ = {isa = PBXBuildFile; fileRef = C1EC97C579C78C07B718F967 /* ChatViewModel.swift */; };
		1528B937C72CDDAD652DFD73 /* MessageBubble.swift in Sources */ = {isa = PBXBuildFile; fileRef = BF68C6BC057B81997D51B941 /* MessageBubble.swift */; };
		0C07FE98182F5B570DBA222A /* DiscoveryViewModel.swift in Sources */ = {isa = PBXBuildFile; fileRef = F21393935DDC4E66693B377E /* DiscoveryViewModel.swift */; };
		D900625EF32161CB4D9B8005 /* ProfileCardView.swift in Sources */ = {isa = PBXBuildFile; fileRef = 7B66144AF7973589DD75AEDB /* ProfileCardView.swift */; };
		A824F1C0005EB1E8F0FD87A5 /* ProfileDetailView.swift in Sources */ = {isa = PBXBuildFile; fileRef = 2351D48ADABF6ACFD93846A1 /* ProfileDetailView.swift */; };
		BA3342090C9206FF071461E4 /* SelectionView.swift in Sources */ = {isa = PBXBuildFile; fileRef = D9FEAB7DDD016B735321E4E0 /* SelectionView.swift */; };
		EFA804969D6A1A5C94619A6D /* WriteFirstView.swift in Sources */ = {isa = PBXBuildFile; fileRef = 6BF9F50FBD726064A9335065 /* WriteFirstView.swift */; };
		E8C98D29A6A346CFF60B5776 /* MatchesView.swift in Sources */ = {isa = PBXBuildFile; fileRef = 111AECEEAAEDF807D9B00368 /* MatchesView.swift */; };
		48FA884E09ED0175EC0C4F67 /* MatchesViewModel.swift in Sources */ = {isa = PBXBuildFile; fileRef = 54280A92066F6529C0B5401E /* MatchesViewModel.swift */; };
		FFE4C076AAA1890ACC5A72A2 /* OnboardingView.swift in Sources */ = {isa = PBXBuildFile; fileRef = DC18CB8097EF0D1F30AB5229 /* OnboardingView.swift */; };
		6CA8170C02399A39C937E12C /* OnboardingViewModel.swift in Sources */ = {isa = PBXBuildFile; fileRef = 45628057C25EBEB3D42D3CFC /* OnboardingViewModel.swift */; };
		74D08F157DC79BF8F54A2BAD /* BlockedListView.swift in Sources */ = {isa = PBXBuildFile; fileRef = E14D82409534B25FAEDD36F7 /* BlockedListView.swift */; };
		3A4F70DE4E334CB7B2BCCAED /* EditProfileView.swift in Sources */ = {isa = PBXBuildFile; fileRef = 1BF7BA10460120395D88AFB4 /* EditProfileView.swift */; };
		DB391994C6E05243F41A327F /* FlowLayout.swift in Sources */ = {isa = PBXBuildFile; fileRef = D9AEA30DDF8DB6F3D7BC076D /* FlowLayout.swift */; };
		586984E1568BABA29F3E9882 /* ProfileView.swift in Sources */ = {isa = PBXBuildFile; fileRef = B0A486F36F0D6F6CA606B752 /* ProfileView.swift */; };
		FA34F70B35DD2863C783BF73 /* ProfileViewModel.swift in Sources */ = {isa = PBXBuildFile; fileRef = F569DF044F5693394E1801CB /* ProfileViewModel.swift */; };
		1E5C06C94CE69A4DEF5FF385 /* SettingsView.swift in Sources */ = {isa = PBXBuildFile; fileRef = 29A60B12923D673B94736E19 /* SettingsView.swift */; };
		7C93A801778D3A9E4993919E /* LocationSync.swift in Sources */ = {isa = PBXBuildFile; fileRef = 3E98808FC86D2390858FC27D /* LocationSync.swift */; };
		47CC7EF56AA711D0019A2FAB /* MainTabView.swift in Sources */ = {isa = PBXBuildFile; fileRef = BBA4FCDC1B4B7BDF95E5F83F /* MainTabView.swift */; };
		C97A9BA84AAAA7CC63572D28 /* ReportSheet.swift in Sources */ = {isa = PBXBuildFile; fileRef = 34A232640BDF399D08EF1CA8 /* ReportSheet.swift */; };
		D5FD9CE27BD46D98FB06769F /* AnyEncodable.swift in Sources */ = {isa = PBXBuildFile; fileRef = C78A7E60A47C4557E79B1B7D /* AnyEncodable.swift */; };
		3200E0BA760B028053FCF3CE /* APIClient.swift in Sources */ = {isa = PBXBuildFile; fileRef = 58E2734C14CE0FD68E298B10 /* APIClient.swift */; };
		10C00B8BC7880808A01033C5 /* APIConfiguration.swift in Sources */ = {isa = PBXBuildFile; fileRef = 99DAE4DD31F604D3AD691C8E /* APIConfiguration.swift */; };
		7B4CEA6455C59F389FC6A1E2 /* APIError.swift in Sources */ = {isa = PBXBuildFile; fileRef = 10C0A24C2B618FF1D4BFD48F /* APIError.swift */; };
		B8E4293B267EADF907CA4DFB /* ChatSocket.swift in Sources */ = {isa = PBXBuildFile; fileRef = E5942DA484C5E72B50E60401 /* ChatSocket.swift */; };
		0BAD3A2D0E49CD57815ECB01 /* Endpoint.swift in Sources */ = {isa = PBXBuildFile; fileRef = 46D31FB402A93943B0154602 /* Endpoint.swift */; };
		730AB76D4220FA9A60D355BB /* HTTPMethod.swift in Sources */ = {isa = PBXBuildFile; fileRef = 5BBE7DD7B91F5572AD6544A7 /* HTTPMethod.swift */; };
		73D134332B93AA0EB68D9D94 /* HTTPTransport.swift in Sources */ = {isa = PBXBuildFile; fileRef = 4D0994E328C82F55C8975853 /* HTTPTransport.swift */; };
		18DBE26DB2D82372F4A7BBEC /* TokenStore.swift in Sources */ = {isa = PBXBuildFile; fileRef = DA7237D7F065D14C6742D12F /* TokenStore.swift */; };
		F552862FE58909E9BF7F9101 /* Assets.xcassets in Resources */ = {isa = PBXBuildFile; fileRef = 938E6EE5E9DD3BF66842604D /* Assets.xcassets */; };
		270930BAB6B58C530C26E533 /* AuthService.swift in Sources */ = {isa = PBXBuildFile; fileRef = B0993E97DE0924B52219661D /* AuthService.swift */; };
		0F8B92DF589BE281BBAA0303 /* ChatService.swift in Sources */ = {isa = PBXBuildFile; fileRef = EAE8012D3E621E09B6F2E29C /* ChatService.swift */; };
		8B45D17BDC7E3172346EAE27 /* DemoServices.swift in Sources */ = {isa = PBXBuildFile; fileRef = EB0E126D3CF41F1805647C60 /* DemoServices.swift */; };
		00FFBE82529EF0F207BA7D62 /* DiscoveryService.swift in Sources */ = {isa = PBXBuildFile; fileRef = 5C8353B347E22574D62202B9 /* DiscoveryService.swift */; };
		7A81B86D45FD7C4CE7A64B96 /* LocationProvider.swift in Sources */ = {isa = PBXBuildFile; fileRef = 0C2E1A6DBAB46C6ADFFF2A32 /* LocationProvider.swift */; };
		DC6E202BD126CEAB92CC2F79 /* MatchActivityService.swift in Sources */ = {isa = PBXBuildFile; fileRef = 948EA265FB09763FEF45D6E9 /* MatchActivityService.swift */; };
		006278814B0A2AA2536A51E3 /* MatchService.swift in Sources */ = {isa = PBXBuildFile; fileRef = 6126D46A6D8B6FE304041511 /* MatchService.swift */; };
		566661EE4C635208FBFF48EC /* ProfileService.swift in Sources */ = {isa = PBXBuildFile; fileRef = 8D819CC616610FD2FAF42E92 /* ProfileService.swift */; };
		ED0BDF8C130716CB63C96B52 /* SampleData.swift in Sources */ = {isa = PBXBuildFile; fileRef = EA0D0379E88B5A57B4C5AAE5 /* SampleData.swift */; };
		4E08F917AD03CEFA5A81EECA /* WatchBridge.swift in Sources */ = {isa = PBXBuildFile; fileRef = D3F7275F0E83850523D6FE68 /* WatchBridge.swift */; };
		91505810B539E25EF4FD3827 /* ActivityState.swift in Sources */ = {isa = PBXBuildFile; fileRef = F4198D43AF3D3FCD5FFBCF87 /* ActivityState.swift */; };
		DC580AED5398CB62486791F5 /* Haptics.swift in Sources */ = {isa = PBXBuildFile; fileRef = EBF709BD8ACE376B1AF45AEF /* Haptics.swift */; };
		18385A34901E10B15848BE5A /* PhotoPreparation.swift in Sources */ = {isa = PBXBuildFile; fileRef = F4A10F35E19702B02A7FCAA4 /* PhotoPreparation.swift */; };
		CF32278B0C15DCF9005017D4 /* Profile+Presentation.swift in Sources */ = {isa = PBXBuildFile; fileRef = 408BA7B9D546D175615A5F7A /* Profile+Presentation.swift */; };
		B770BABDBF7352B28E7409A5 /* RelativeDateFormatting.swift in Sources */ = {isa = PBXBuildFile; fileRef = 3F15EA39F5171BABA582F1DF /* RelativeDateFormatting.swift */; };
		D3BE02391E8E6F8AAE2D1AA6 /* MatchActivityAttributes.swift in Sources */ = {isa = PBXBuildFile; fileRef = D5ABBE1B725FF9B615DB1CA4 /* MatchActivityAttributes.swift */; };
		E7C71ED49D3AC744B8E922D0 /* AuthTokens.swift in Sources */ = {isa = PBXBuildFile; fileRef = 26105B9367A2B8389525C8EB /* AuthTokens.swift */; };
		056806ECCB32DE1467C780AB /* BlockedPerson.swift in Sources */ = {isa = PBXBuildFile; fileRef = 29DF750815BA846D71FB9D5B /* BlockedPerson.swift */; };
		2578842BF24935B067939146 /* Conversation.swift in Sources */ = {isa = PBXBuildFile; fileRef = 91114DBECB3665FBEA09192C /* Conversation.swift */; };
		9475AD75C869446F0C627D58 /* DiscoveryPreferences.swift in Sources */ = {isa = PBXBuildFile; fileRef = 228A23585A442B2B95F11570 /* DiscoveryPreferences.swift */; };
		70C163CF22F543D6D4630414 /* Gender.swift in Sources */ = {isa = PBXBuildFile; fileRef = 71AFAA871EEFA2498E7D0658 /* Gender.swift */; };
		32C2ED7803348428DCD10925 /* Match.swift in Sources */ = {isa = PBXBuildFile; fileRef = D8CA4C3ADA200998460F11EF /* Match.swift */; };
		7034B119CF5A4AE747BE26C8 /* Message.swift in Sources */ = {isa = PBXBuildFile; fileRef = AFFAE8494EEBE9BAA5479822 /* Message.swift */; };
		062D6C6778620E65A746A7BF /* Paginated.swift in Sources */ = {isa = PBXBuildFile; fileRef = 656004423E893D5AE6224CE1 /* Paginated.swift */; };
		0C5DD5A30E0D7A6037F7A5BE /* Photo.swift in Sources */ = {isa = PBXBuildFile; fileRef = 229BB6B07551C6E61A0D8473 /* Photo.swift */; };
		755A2E56B993EBE290A0AFE5 /* Profile.swift in Sources */ = {isa = PBXBuildFile; fileRef = 7EADF7F7A21BFF10462E2A65 /* Profile.swift */; };
		F9E919736E63F079A14674C6 /* Selection.swift in Sources */ = {isa = PBXBuildFile; fileRef = 3F28D902EA51B60008904F09 /* Selection.swift */; };
		48E6933D8D42482BB06314D4 /* User.swift in Sources */ = {isa = PBXBuildFile; fileRef = CBBBE0F1B98D5C5C4DA59186 /* User.swift */; };
		90BDF59654FD7BF7E2C1517A /* JSONCoders.swift in Sources */ = {isa = PBXBuildFile; fileRef = 8284F4CA47E5C6E6515EA5CD /* JSONCoders.swift */; };
		311BA402686F8EBD271AED71 /* PlumBrand.swift in Sources */ = {isa = PBXBuildFile; fileRef = 00B07118B8AAA8455376318D /* PlumBrand.swift */; };
		F9225144D9683063C98FEEA5 /* WatchChatClient.swift in Sources */ = {isa = PBXBuildFile; fileRef = 6E9CC9A99453D068ABFA4AAA /* WatchChatClient.swift */; };
		825C1B893DABB1135460611D /* WatchLink.swift in Sources */ = {isa = PBXBuildFile; fileRef = 357B94543A0B3C570ED12028 /* WatchLink.swift */; };
		E52AD76FBCF459CF5F2B3427 /* MatchLiveActivity.swift in Sources */ = {isa = PBXBuildFile; fileRef = A496C4FB86F4ED714E9A7C74 /* MatchLiveActivity.swift */; };
		C31D19DB1D2C8A70A2339405 /* PlumWidgetBundle.swift in Sources */ = {isa = PBXBuildFile; fileRef = 4FF7C021ECFF1EA5345687A9 /* PlumWidgetBundle.swift */; };
		0781A01B79BA6AE751CF021F /* MatchActivityAttributes.swift in Sources */ = {isa = PBXBuildFile; fileRef = D5ABBE1B725FF9B615DB1CA4 /* MatchActivityAttributes.swift */; };
		E408843B183CDEE3EB949F51 /* AuthTokens.swift in Sources */ = {isa = PBXBuildFile; fileRef = 26105B9367A2B8389525C8EB /* AuthTokens.swift */; };
		CD1B98480EA00F98B6488AE3 /* BlockedPerson.swift in Sources */ = {isa = PBXBuildFile; fileRef = 29DF750815BA846D71FB9D5B /* BlockedPerson.swift */; };
		CFBAC342659D4656FFF50253 /* Conversation.swift in Sources */ = {isa = PBXBuildFile; fileRef = 91114DBECB3665FBEA09192C /* Conversation.swift */; };
		D2E215C07CD441F926195D14 /* DiscoveryPreferences.swift in Sources */ = {isa = PBXBuildFile; fileRef = 228A23585A442B2B95F11570 /* DiscoveryPreferences.swift */; };
		E5FE283B8D3112B7CA861243 /* Gender.swift in Sources */ = {isa = PBXBuildFile; fileRef = 71AFAA871EEFA2498E7D0658 /* Gender.swift */; };
		B63FC6B703269C1934D42CD5 /* Match.swift in Sources */ = {isa = PBXBuildFile; fileRef = D8CA4C3ADA200998460F11EF /* Match.swift */; };
		05A66C2488FB61DE36EDA5DE /* Message.swift in Sources */ = {isa = PBXBuildFile; fileRef = AFFAE8494EEBE9BAA5479822 /* Message.swift */; };
		1844EF7A4CCBE447CC6C7CFA /* Paginated.swift in Sources */ = {isa = PBXBuildFile; fileRef = 656004423E893D5AE6224CE1 /* Paginated.swift */; };
		FED28203073702E98ECB4F0D /* Photo.swift in Sources */ = {isa = PBXBuildFile; fileRef = 229BB6B07551C6E61A0D8473 /* Photo.swift */; };
		6C309389E4A323FB015F94A0 /* Profile.swift in Sources */ = {isa = PBXBuildFile; fileRef = 7EADF7F7A21BFF10462E2A65 /* Profile.swift */; };
		849FA9539CF7E6F09BDD60F6 /* Selection.swift in Sources */ = {isa = PBXBuildFile; fileRef = 3F28D902EA51B60008904F09 /* Selection.swift */; };
		E99D7D0756ABA187861568A1 /* User.swift in Sources */ = {isa = PBXBuildFile; fileRef = CBBBE0F1B98D5C5C4DA59186 /* User.swift */; };
		6241A58617EC91769C6784DF /* JSONCoders.swift in Sources */ = {isa = PBXBuildFile; fileRef = 8284F4CA47E5C6E6515EA5CD /* JSONCoders.swift */; };
		039B139DF42CD357FEA02EB0 /* PlumBrand.swift in Sources */ = {isa = PBXBuildFile; fileRef = 00B07118B8AAA8455376318D /* PlumBrand.swift */; };
		07CA63A6654FD51D5096B731 /* WatchChatClient.swift in Sources */ = {isa = PBXBuildFile; fileRef = 6E9CC9A99453D068ABFA4AAA /* WatchChatClient.swift */; };
		8A2A77FFFD1E66B004C9A3FA /* WatchLink.swift in Sources */ = {isa = PBXBuildFile; fileRef = 357B94543A0B3C570ED12028 /* WatchLink.swift */; };
		F016F533E4E91F8727684866 /* ConversationsView.swift in Sources */ = {isa = PBXBuildFile; fileRef = 078C5E0E4F530E5CA10DDB48 /* ConversationsView.swift */; };
		46C3F6A7176156D94ED3AD3D /* PlumWatchApp.swift in Sources */ = {isa = PBXBuildFile; fileRef = 0DC68036AA458C1C070E7D58 /* PlumWatchApp.swift */; };
		24F027AD685A02F58BDB2341 /* ThreadView.swift in Sources */ = {isa = PBXBuildFile; fileRef = 6D1F997B84876BF4EB057715 /* ThreadView.swift */; };
		A2286D9921499806581708A4 /* WatchSessionStore.swift in Sources */ = {isa = PBXBuildFile; fileRef = D123DFDA760D83DFA59F2E99 /* WatchSessionStore.swift */; };
		716BAF2FE01F0EC007ECB0D3 /* AuthTokens.swift in Sources */ = {isa = PBXBuildFile; fileRef = 26105B9367A2B8389525C8EB /* AuthTokens.swift */; };
		B440110793944DB75030E436 /* BlockedPerson.swift in Sources */ = {isa = PBXBuildFile; fileRef = 29DF750815BA846D71FB9D5B /* BlockedPerson.swift */; };
		2D5FF315014416AA364E8685 /* Conversation.swift in Sources */ = {isa = PBXBuildFile; fileRef = 91114DBECB3665FBEA09192C /* Conversation.swift */; };
		6F5CE3D4FE1C85861E9F81F4 /* DiscoveryPreferences.swift in Sources */ = {isa = PBXBuildFile; fileRef = 228A23585A442B2B95F11570 /* DiscoveryPreferences.swift */; };
		FC897FC5EC1E91421EB691C1 /* Gender.swift in Sources */ = {isa = PBXBuildFile; fileRef = 71AFAA871EEFA2498E7D0658 /* Gender.swift */; };
		90F6004136BE2FD110BAEE9E /* Match.swift in Sources */ = {isa = PBXBuildFile; fileRef = D8CA4C3ADA200998460F11EF /* Match.swift */; };
		FADE07FF4CCD9BDABE750F20 /* Message.swift in Sources */ = {isa = PBXBuildFile; fileRef = AFFAE8494EEBE9BAA5479822 /* Message.swift */; };
		E1CE939085CA2D642DB37C6D /* Paginated.swift in Sources */ = {isa = PBXBuildFile; fileRef = 656004423E893D5AE6224CE1 /* Paginated.swift */; };
		59C58E4D37275FEAA316CCBD /* Photo.swift in Sources */ = {isa = PBXBuildFile; fileRef = 229BB6B07551C6E61A0D8473 /* Photo.swift */; };
		438D9733228D7DA256AEB5A5 /* Profile.swift in Sources */ = {isa = PBXBuildFile; fileRef = 7EADF7F7A21BFF10462E2A65 /* Profile.swift */; };
		A7F8F31545E7B97425BBFA01 /* Selection.swift in Sources */ = {isa = PBXBuildFile; fileRef = 3F28D902EA51B60008904F09 /* Selection.swift */; };
		8BD6B7B518ACAF1B2288A891 /* User.swift in Sources */ = {isa = PBXBuildFile; fileRef = CBBBE0F1B98D5C5C4DA59186 /* User.swift */; };
		5796ECB3F960D0B5287607CA /* JSONCoders.swift in Sources */ = {isa = PBXBuildFile; fileRef = 8284F4CA47E5C6E6515EA5CD /* JSONCoders.swift */; };
		2102FD94348C1085D9F8DEA7 /* PlumBrand.swift in Sources */ = {isa = PBXBuildFile; fileRef = 00B07118B8AAA8455376318D /* PlumBrand.swift */; };
		6DAEDFCC8942F759FA4BBC27 /* WatchChatClient.swift in Sources */ = {isa = PBXBuildFile; fileRef = 6E9CC9A99453D068ABFA4AAA /* WatchChatClient.swift */; };
		28E6886374B590440302F85A /* WatchLink.swift in Sources */ = {isa = PBXBuildFile; fileRef = 357B94543A0B3C570ED12028 /* WatchLink.swift */; };
		5596DE1262582002B27C2DA8 /* APIClientTests.swift in Sources */ = {isa = PBXBuildFile; fileRef = F534AA1116CE2FA9788DDB33 /* APIClientTests.swift */; };
		B49912DA0220ED01F5E4C08C /* AppearanceTests.swift in Sources */ = {isa = PBXBuildFile; fileRef = 3D9BEC422CB2717F14A114F9 /* AppearanceTests.swift */; };
		4421507A7B2D117CB3F6F5D0 /* ChatHistoryTests.swift in Sources */ = {isa = PBXBuildFile; fileRef = F642214FB5A179F889DAA562 /* ChatHistoryTests.swift */; };
		8CB1C0F207FA2CD546CF067F /* EndpointTests.swift in Sources */ = {isa = PBXBuildFile; fileRef = 01531848C731B692C9ADFC1E /* EndpointTests.swift */; };
		C1081F77A62E094A554A1FF0 /* LocationSyncTests.swift in Sources */ = {isa = PBXBuildFile; fileRef = C1C6AB5E02FDA840EDD7EC79 /* LocationSyncTests.swift */; };
		E71D7A19B0E8BFB88C876B6C /* MatchActivityTests.swift in Sources */ = {isa = PBXBuildFile; fileRef = 9A401CE14353FDE8A997B9FA /* MatchActivityTests.swift */; };
		482BD5C22F1310CA6A0CE491 /* MatchesPaginationTests.swift in Sources */ = {isa = PBXBuildFile; fileRef = C5B882D1EE1CB274586FD8BF /* MatchesPaginationTests.swift */; };
		4222EE5F9E440941A32917B3 /* ModelDecodingTests.swift in Sources */ = {isa = PBXBuildFile; fileRef = FBC10F166FAF03CCB60E3878 /* ModelDecodingTests.swift */; };
		0362231E8191961EAE999623 /* PhotoPreparationTests.swift in Sources */ = {isa = PBXBuildFile; fileRef = 815C0E91005F185ADD1BB80A /* PhotoPreparationTests.swift */; };
		7CBCEB59970E21D11F3353D3 /* SafetyActionTests.swift in Sources */ = {isa = PBXBuildFile; fileRef = C73BB785B407A639CA4A43BE /* SafetyActionTests.swift */; };
		591AB53E84DC941B84B92932 /* SessionExpiryTests.swift in Sources */ = {isa = PBXBuildFile; fileRef = FFF692B152794A354E8112E6 /* SessionExpiryTests.swift */; };
		5785D2349686DF8F2A863C2A /* ViewModelTests.swift in Sources */ = {isa = PBXBuildFile; fileRef = 6421CF9FF952488D98882615 /* ViewModelTests.swift */; };
		F251F48951B35E811835CD89 /* WatchLinkTests.swift in Sources */ = {isa = PBXBuildFile; fileRef = 6E2969E6799F0C2572BD54F6 /* WatchLinkTests.swift */; };
		63FC223EFF6EBB10CA1F0D8E /* PlumSmokeTests.swift in Sources */ = {isa = PBXBuildFile; fileRef = F774E93889FAA62A3EE34B5A /* PlumSmokeTests.swift */; };
		105193014F4EED763D763AB7 /* PlumWidgets.appex in Embed Foundation Extensions */ = {isa = PBXBuildFile; fileRef = 71874B036AA5C026B2F00C8B /* PlumWidgets.appex */; settings = {ATTRIBUTES = (RemoveHeadersOnCopy, ); }; };
		241D36D8AAFCF1BDE8BB2978 /* PlumWatch.app in Embed Watch Content */ = {isa = PBXBuildFile; fileRef = BF343C5698BABA5C2DC73EB3 /* PlumWatch.app */; settings = {ATTRIBUTES = (RemoveHeadersOnCopy, ); }; };
/* End PBXBuildFile section */

/* Begin PBXContainerItemProxy section */
		7DD316B21D7137D784F11695 /* PBXContainerItemProxy */ = {
			isa = PBXContainerItemProxy;
			containerPortal = 22A027C6A78AADEE3219B8FD /* Project object */;
			proxyType = 1;
			remoteGlobalIDString = A99922CB97B04A15C1C9B7F4;
			remoteInfo = PlumWidgets;
		};
		4ACC7EA0AE8C8933AF754B1D /* PBXContainerItemProxy */ = {
			isa = PBXContainerItemProxy;
			containerPortal = 22A027C6A78AADEE3219B8FD /* Project object */;
			proxyType = 1;
			remoteGlobalIDString = 05A3615BD742F14BE1D4CF33;
			remoteInfo = PlumWatch;
		};
		271A3D7966711A268FFCE279 /* PBXContainerItemProxy */ = {
			isa = PBXContainerItemProxy;
			containerPortal = 22A027C6A78AADEE3219B8FD /* Project object */;
			proxyType = 1;
			remoteGlobalIDString = 24EFFD2CE50B35985E470F12;
			remoteInfo = Plum;
		};
		CC0A233629C202C9B5AD55F9 /* PBXContainerItemProxy */ = {
			isa = PBXContainerItemProxy;
			containerPortal = 22A027C6A78AADEE3219B8FD /* Project object */;
			proxyType = 1;
			remoteGlobalIDString = 24EFFD2CE50B35985E470F12;
			remoteInfo = Plum;
		};
/* End PBXContainerItemProxy section */

/* Begin PBXCopyFilesBuildPhase section */
		3A7083C1A3DF37F02B88EBF2 /* Embed Watch Content */ = {
			isa = PBXCopyFilesBuildPhase;
			buildActionMask = 2147483647;
			dstPath = "$(CONTENTS_FOLDER_PATH)/Watch";
			dstSubfolderSpec = 16;
			files = (
				241D36D8AAFCF1BDE8BB2978 /* PlumWatch.app in Embed Watch Content */,
			);
			name = "Embed Watch Content";
			runOnlyForDeploymentPostprocessing = 0;
		};
		36AD046E2DA97F8D3C2C39E0 /* Embed Foundation Extensions */ = {
			isa = PBXCopyFilesBuildPhase;
			buildActionMask = 2147483647;
			dstPath = "";
			dstSubfolderSpec = 13;
			files = (
				105193014F4EED763D763AB7 /* PlumWidgets.appex in Embed Foundation Extensions */,
			);
			name = "Embed Foundation Extensions";
			runOnlyForDeploymentPostprocessing = 0;
		};
/* End PBXCopyFilesBuildPhase section */

/* Begin PBXFileReference section */
		874EAA5235B922C63CEBAB17 /* Plum.app */ = {isa = PBXFileReference; explicitFileType = wrapper.application; includeInIndex = 0; path = Plum.app; sourceTree = BUILT_PRODUCTS_DIR; };
		F6198C84E75AE51518F3EB56 /* PlumTests.xctest */ = {isa = PBXFileReference; explicitFileType = wrapper.cfbundle; includeInIndex = 0; path = PlumTests.xctest; sourceTree = BUILT_PRODUCTS_DIR; };
		FD8FC059059C87E65831603D /* PlumUITests.xctest */ = {isa = PBXFileReference; explicitFileType = wrapper.cfbundle; includeInIndex = 0; path = PlumUITests.xctest; sourceTree = BUILT_PRODUCTS_DIR; };
		71874B036AA5C026B2F00C8B /* PlumWidgets.appex */ = {isa = PBXFileReference; explicitFileType = "wrapper.app-extension"; includeInIndex = 0; path = PlumWidgets.appex; sourceTree = BUILT_PRODUCTS_DIR; };
		BF343C5698BABA5C2DC73EB3 /* PlumWatch.app */ = {isa = PBXFileReference; explicitFileType = wrapper.application; includeInIndex = 0; path = PlumWatch.app; sourceTree = BUILT_PRODUCTS_DIR; };
		52D492CDB71F0ED6D9AAEB49 /* AppEnvironment.swift */ = {isa = PBXFileReference; lastKnownFileType = sourcecode.swift; path = AppEnvironment.swift; sourceTree = "<group>"; };
		3F0AFA45DD1EEF194490F23F /* LegalLinks.swift */ = {isa = PBXFileReference; lastKnownFileType = sourcecode.swift; path = LegalLinks.swift; sourceTree = "<group>"; };
		AA4A47D512D802569CBD89B6 /* PlumApp.swift */ = {isa = PBXFileReference; lastKnownFileType = sourcecode.swift; path = PlumApp.swift; sourceTree = "<group>"; };
		D96309AD54F47A2400FA6F4F /* RootView.swift */ = {isa = PBXFileReference; lastKnownFileType = sourcecode.swift; path = RootView.swift; sourceTree = "<group>"; };
		7CE113BE4081AA789BC015DE /* SelectionRefreshSignal.swift */ = {isa = PBXFileReference; lastKnownFileType = sourcecode.swift; path = SelectionRefreshSignal.swift; sourceTree = "<group>"; };
		A33AF4A40088A1DA10B2C00F /* SessionStore.swift */ = {isa = PBXFileReference; lastKnownFileType = sourcecode.swift; path = SessionStore.swift; sourceTree = "<group>"; };
		CEAB3A9162B4969C9FC679DC /* AppearancePreference.swift */ = {isa = PBXFileReference; lastKnownFileType = sourcecode.swift; path = AppearancePreference.swift; sourceTree = "<group>"; };
		37DA512E2E2A62A587B25081 /* Buttons.swift */ = {isa = PBXFileReference; lastKnownFileType = sourcecode.swift; path = Buttons.swift; sourceTree = "<group>"; };
		D9B40ED75E24F8FDE254BFE7 /* Components.swift */ = {isa = PBXFileReference; lastKnownFileType = sourcecode.swift; path = Components.swift; sourceTree = "<group>"; };
		B027F34AAF6DC97E77BDFFCC /* PlumTheme.swift */ = {isa = PBXFileReference; lastKnownFileType = sourcecode.swift; path = PlumTheme.swift; sourceTree = "<group>"; };
		64C9E037FEFA83B9DB99CC63 /* Typography.swift */ = {isa = PBXFileReference; lastKnownFileType = sourcecode.swift; path = Typography.swift; sourceTree = "<group>"; };
		3EF1FBB7382110558947D6C2 /* AuthFormView.swift */ = {isa = PBXFileReference; lastKnownFileType = sourcecode.swift; path = AuthFormView.swift; sourceTree = "<group>"; };
		5C709763D5F3E536377A788F /* AuthViewModel.swift */ = {isa = PBXFileReference; lastKnownFileType = sourcecode.swift; path = AuthViewModel.swift; sourceTree = "<group>"; };
		D27F01FDCF147DD7D399FA6D /* WelcomeView.swift */ = {isa = PBXFileReference; lastKnownFileType = sourcecode.swift; path = WelcomeView.swift; sourceTree = "<group>"; };
		22DCD38862A9180E16E53E32 /* ChatView.swift */ = {isa = PBXFileReference; lastKnownFileType = sourcecode.swift; path = ChatView.swift; sourceTree = "<group>"; };
		C1EC97C579C78C07B718F967 /* ChatViewModel.swift */ = {isa = PBXFileReference; lastKnownFileType = sourcecode.swift; path = ChatViewModel.swift; sourceTree = "<group>"; };
		BF68C6BC057B81997D51B941 /* MessageBubble.swift */ = {isa = PBXFileReference; lastKnownFileType = sourcecode.swift; path = MessageBubble.swift; sourceTree = "<group>"; };
		F21393935DDC4E66693B377E /* DiscoveryViewModel.swift */ = {isa = PBXFileReference; lastKnownFileType = sourcecode.swift; path = DiscoveryViewModel.swift; sourceTree = "<group>"; };
		7B66144AF7973589DD75AEDB /* ProfileCardView.swift */ = {isa = PBXFileReference; lastKnownFileType = sourcecode.swift; path = ProfileCardView.swift; sourceTree = "<group>"; };
		2351D48ADABF6ACFD93846A1 /* ProfileDetailView.swift */ = {isa = PBXFileReference; lastKnownFileType = sourcecode.swift; path = ProfileDetailView.swift; sourceTree = "<group>"; };
		D9FEAB7DDD016B735321E4E0 /* SelectionView.swift */ = {isa = PBXFileReference; lastKnownFileType = sourcecode.swift; path = SelectionView.swift; sourceTree = "<group>"; };
		6BF9F50FBD726064A9335065 /* WriteFirstView.swift */ = {isa = PBXFileReference; lastKnownFileType = sourcecode.swift; path = WriteFirstView.swift; sourceTree = "<group>"; };
		111AECEEAAEDF807D9B00368 /* MatchesView.swift */ = {isa = PBXFileReference; lastKnownFileType = sourcecode.swift; path = MatchesView.swift; sourceTree = "<group>"; };
		54280A92066F6529C0B5401E /* MatchesViewModel.swift */ = {isa = PBXFileReference; lastKnownFileType = sourcecode.swift; path = MatchesViewModel.swift; sourceTree = "<group>"; };
		DC18CB8097EF0D1F30AB5229 /* OnboardingView.swift */ = {isa = PBXFileReference; lastKnownFileType = sourcecode.swift; path = OnboardingView.swift; sourceTree = "<group>"; };
		45628057C25EBEB3D42D3CFC /* OnboardingViewModel.swift */ = {isa = PBXFileReference; lastKnownFileType = sourcecode.swift; path = OnboardingViewModel.swift; sourceTree = "<group>"; };
		E14D82409534B25FAEDD36F7 /* BlockedListView.swift */ = {isa = PBXFileReference; lastKnownFileType = sourcecode.swift; path = BlockedListView.swift; sourceTree = "<group>"; };
		1BF7BA10460120395D88AFB4 /* EditProfileView.swift */ = {isa = PBXFileReference; lastKnownFileType = sourcecode.swift; path = EditProfileView.swift; sourceTree = "<group>"; };
		D9AEA30DDF8DB6F3D7BC076D /* FlowLayout.swift */ = {isa = PBXFileReference; lastKnownFileType = sourcecode.swift; path = FlowLayout.swift; sourceTree = "<group>"; };
		B0A486F36F0D6F6CA606B752 /* ProfileView.swift */ = {isa = PBXFileReference; lastKnownFileType = sourcecode.swift; path = ProfileView.swift; sourceTree = "<group>"; };
		F569DF044F5693394E1801CB /* ProfileViewModel.swift */ = {isa = PBXFileReference; lastKnownFileType = sourcecode.swift; path = ProfileViewModel.swift; sourceTree = "<group>"; };
		29A60B12923D673B94736E19 /* SettingsView.swift */ = {isa = PBXFileReference; lastKnownFileType = sourcecode.swift; path = SettingsView.swift; sourceTree = "<group>"; };
		3E98808FC86D2390858FC27D /* LocationSync.swift */ = {isa = PBXFileReference; lastKnownFileType = sourcecode.swift; path = LocationSync.swift; sourceTree = "<group>"; };
		BBA4FCDC1B4B7BDF95E5F83F /* MainTabView.swift */ = {isa = PBXFileReference; lastKnownFileType = sourcecode.swift; path = MainTabView.swift; sourceTree = "<group>"; };
		34A232640BDF399D08EF1CA8 /* ReportSheet.swift */ = {isa = PBXFileReference; lastKnownFileType = sourcecode.swift; path = ReportSheet.swift; sourceTree = "<group>"; };
		C78A7E60A47C4557E79B1B7D /* AnyEncodable.swift */ = {isa = PBXFileReference; lastKnownFileType = sourcecode.swift; path = AnyEncodable.swift; sourceTree = "<group>"; };
		58E2734C14CE0FD68E298B10 /* APIClient.swift */ = {isa = PBXFileReference; lastKnownFileType = sourcecode.swift; path = APIClient.swift; sourceTree = "<group>"; };
		99DAE4DD31F604D3AD691C8E /* APIConfiguration.swift */ = {isa = PBXFileReference; lastKnownFileType = sourcecode.swift; path = APIConfiguration.swift; sourceTree = "<group>"; };
		10C0A24C2B618FF1D4BFD48F /* APIError.swift */ = {isa = PBXFileReference; lastKnownFileType = sourcecode.swift; path = APIError.swift; sourceTree = "<group>"; };
		E5942DA484C5E72B50E60401 /* ChatSocket.swift */ = {isa = PBXFileReference; lastKnownFileType = sourcecode.swift; path = ChatSocket.swift; sourceTree = "<group>"; };
		46D31FB402A93943B0154602 /* Endpoint.swift */ = {isa = PBXFileReference; lastKnownFileType = sourcecode.swift; path = Endpoint.swift; sourceTree = "<group>"; };
		5BBE7DD7B91F5572AD6544A7 /* HTTPMethod.swift */ = {isa = PBXFileReference; lastKnownFileType = sourcecode.swift; path = HTTPMethod.swift; sourceTree = "<group>"; };
		4D0994E328C82F55C8975853 /* HTTPTransport.swift */ = {isa = PBXFileReference; lastKnownFileType = sourcecode.swift; path = HTTPTransport.swift; sourceTree = "<group>"; };
		DA7237D7F065D14C6742D12F /* TokenStore.swift */ = {isa = PBXFileReference; lastKnownFileType = sourcecode.swift; path = TokenStore.swift; sourceTree = "<group>"; };
		938E6EE5E9DD3BF66842604D /* Assets.xcassets */ = {isa = PBXFileReference; lastKnownFileType = folder.assetcatalog; path = Assets.xcassets; sourceTree = "<group>"; };
		B0993E97DE0924B52219661D /* AuthService.swift */ = {isa = PBXFileReference; lastKnownFileType = sourcecode.swift; path = AuthService.swift; sourceTree = "<group>"; };
		EAE8012D3E621E09B6F2E29C /* ChatService.swift */ = {isa = PBXFileReference; lastKnownFileType = sourcecode.swift; path = ChatService.swift; sourceTree = "<group>"; };
		EB0E126D3CF41F1805647C60 /* DemoServices.swift */ = {isa = PBXFileReference; lastKnownFileType = sourcecode.swift; path = DemoServices.swift; sourceTree = "<group>"; };
		5C8353B347E22574D62202B9 /* DiscoveryService.swift */ = {isa = PBXFileReference; lastKnownFileType = sourcecode.swift; path = DiscoveryService.swift; sourceTree = "<group>"; };
		0C2E1A6DBAB46C6ADFFF2A32 /* LocationProvider.swift */ = {isa = PBXFileReference; lastKnownFileType = sourcecode.swift; path = LocationProvider.swift; sourceTree = "<group>"; };
		948EA265FB09763FEF45D6E9 /* MatchActivityService.swift */ = {isa = PBXFileReference; lastKnownFileType = sourcecode.swift; path = MatchActivityService.swift; sourceTree = "<group>"; };
		6126D46A6D8B6FE304041511 /* MatchService.swift */ = {isa = PBXFileReference; lastKnownFileType = sourcecode.swift; path = MatchService.swift; sourceTree = "<group>"; };
		8D819CC616610FD2FAF42E92 /* ProfileService.swift */ = {isa = PBXFileReference; lastKnownFileType = sourcecode.swift; path = ProfileService.swift; sourceTree = "<group>"; };
		EA0D0379E88B5A57B4C5AAE5 /* SampleData.swift */ = {isa = PBXFileReference; lastKnownFileType = sourcecode.swift; path = SampleData.swift; sourceTree = "<group>"; };
		D3F7275F0E83850523D6FE68 /* WatchBridge.swift */ = {isa = PBXFileReference; lastKnownFileType = sourcecode.swift; path = WatchBridge.swift; sourceTree = "<group>"; };
		F4198D43AF3D3FCD5FFBCF87 /* ActivityState.swift */ = {isa = PBXFileReference; lastKnownFileType = sourcecode.swift; path = ActivityState.swift; sourceTree = "<group>"; };
		EBF709BD8ACE376B1AF45AEF /* Haptics.swift */ = {isa = PBXFileReference; lastKnownFileType = sourcecode.swift; path = Haptics.swift; sourceTree = "<group>"; };
		F4A10F35E19702B02A7FCAA4 /* PhotoPreparation.swift */ = {isa = PBXFileReference; lastKnownFileType = sourcecode.swift; path = PhotoPreparation.swift; sourceTree = "<group>"; };
		408BA7B9D546D175615A5F7A /* Profile+Presentation.swift */ = {isa = PBXFileReference; lastKnownFileType = sourcecode.swift; path = "Profile+Presentation.swift"; sourceTree = "<group>"; };
		3F15EA39F5171BABA582F1DF /* RelativeDateFormatting.swift */ = {isa = PBXFileReference; lastKnownFileType = sourcecode.swift; path = RelativeDateFormatting.swift; sourceTree = "<group>"; };
		D5ABBE1B725FF9B615DB1CA4 /* MatchActivityAttributes.swift */ = {isa = PBXFileReference; lastKnownFileType = sourcecode.swift; path = MatchActivityAttributes.swift; sourceTree = "<group>"; };
		26105B9367A2B8389525C8EB /* AuthTokens.swift */ = {isa = PBXFileReference; lastKnownFileType = sourcecode.swift; path = AuthTokens.swift; sourceTree = "<group>"; };
		29DF750815BA846D71FB9D5B /* BlockedPerson.swift */ = {isa = PBXFileReference; lastKnownFileType = sourcecode.swift; path = BlockedPerson.swift; sourceTree = "<group>"; };
		91114DBECB3665FBEA09192C /* Conversation.swift */ = {isa = PBXFileReference; lastKnownFileType = sourcecode.swift; path = Conversation.swift; sourceTree = "<group>"; };
		228A23585A442B2B95F11570 /* DiscoveryPreferences.swift */ = {isa = PBXFileReference; lastKnownFileType = sourcecode.swift; path = DiscoveryPreferences.swift; sourceTree = "<group>"; };
		71AFAA871EEFA2498E7D0658 /* Gender.swift */ = {isa = PBXFileReference; lastKnownFileType = sourcecode.swift; path = Gender.swift; sourceTree = "<group>"; };
		D8CA4C3ADA200998460F11EF /* Match.swift */ = {isa = PBXFileReference; lastKnownFileType = sourcecode.swift; path = Match.swift; sourceTree = "<group>"; };
		AFFAE8494EEBE9BAA5479822 /* Message.swift */ = {isa = PBXFileReference; lastKnownFileType = sourcecode.swift; path = Message.swift; sourceTree = "<group>"; };
		656004423E893D5AE6224CE1 /* Paginated.swift */ = {isa = PBXFileReference; lastKnownFileType = sourcecode.swift; path = Paginated.swift; sourceTree = "<group>"; };
		229BB6B07551C6E61A0D8473 /* Photo.swift */ = {isa = PBXFileReference; lastKnownFileType = sourcecode.swift; path = Photo.swift; sourceTree = "<group>"; };
		7EADF7F7A21BFF10462E2A65 /* Profile.swift */ = {isa = PBXFileReference; lastKnownFileType = sourcecode.swift; path = Profile.swift; sourceTree = "<group>"; };
		3F28D902EA51B60008904F09 /* Selection.swift */ = {isa = PBXFileReference; lastKnownFileType = sourcecode.swift; path = Selection.swift; sourceTree = "<group>"; };
		CBBBE0F1B98D5C5C4DA59186 /* User.swift */ = {isa = PBXFileReference; lastKnownFileType = sourcecode.swift; path = User.swift; sourceTree = "<group>"; };
		8284F4CA47E5C6E6515EA5CD /* JSONCoders.swift */ = {isa = PBXFileReference; lastKnownFileType = sourcecode.swift; path = JSONCoders.swift; sourceTree = "<group>"; };
		00B07118B8AAA8455376318D /* PlumBrand.swift */ = {isa = PBXFileReference; lastKnownFileType = sourcecode.swift; path = PlumBrand.swift; sourceTree = "<group>"; };
		6E9CC9A99453D068ABFA4AAA /* WatchChatClient.swift */ = {isa = PBXFileReference; lastKnownFileType = sourcecode.swift; path = WatchChatClient.swift; sourceTree = "<group>"; };
		357B94543A0B3C570ED12028 /* WatchLink.swift */ = {isa = PBXFileReference; lastKnownFileType = sourcecode.swift; path = WatchLink.swift; sourceTree = "<group>"; };
		A496C4FB86F4ED714E9A7C74 /* MatchLiveActivity.swift */ = {isa = PBXFileReference; lastKnownFileType = sourcecode.swift; path = MatchLiveActivity.swift; sourceTree = "<group>"; };
		4FF7C021ECFF1EA5345687A9 /* PlumWidgetBundle.swift */ = {isa = PBXFileReference; lastKnownFileType = sourcecode.swift; path = PlumWidgetBundle.swift; sourceTree = "<group>"; };
		078C5E0E4F530E5CA10DDB48 /* ConversationsView.swift */ = {isa = PBXFileReference; lastKnownFileType = sourcecode.swift; path = ConversationsView.swift; sourceTree = "<group>"; };
		0DC68036AA458C1C070E7D58 /* PlumWatchApp.swift */ = {isa = PBXFileReference; lastKnownFileType = sourcecode.swift; path = PlumWatchApp.swift; sourceTree = "<group>"; };
		6D1F997B84876BF4EB057715 /* ThreadView.swift */ = {isa = PBXFileReference; lastKnownFileType = sourcecode.swift; path = ThreadView.swift; sourceTree = "<group>"; };
		D123DFDA760D83DFA59F2E99 /* WatchSessionStore.swift */ = {isa = PBXFileReference; lastKnownFileType = sourcecode.swift; path = WatchSessionStore.swift; sourceTree = "<group>"; };
		F534AA1116CE2FA9788DDB33 /* APIClientTests.swift */ = {isa = PBXFileReference; lastKnownFileType = sourcecode.swift; path = APIClientTests.swift; sourceTree = "<group>"; };
		3D9BEC422CB2717F14A114F9 /* AppearanceTests.swift */ = {isa = PBXFileReference; lastKnownFileType = sourcecode.swift; path = AppearanceTests.swift; sourceTree = "<group>"; };
		F642214FB5A179F889DAA562 /* ChatHistoryTests.swift */ = {isa = PBXFileReference; lastKnownFileType = sourcecode.swift; path = ChatHistoryTests.swift; sourceTree = "<group>"; };
		01531848C731B692C9ADFC1E /* EndpointTests.swift */ = {isa = PBXFileReference; lastKnownFileType = sourcecode.swift; path = EndpointTests.swift; sourceTree = "<group>"; };
		C1C6AB5E02FDA840EDD7EC79 /* LocationSyncTests.swift */ = {isa = PBXFileReference; lastKnownFileType = sourcecode.swift; path = LocationSyncTests.swift; sourceTree = "<group>"; };
		9A401CE14353FDE8A997B9FA /* MatchActivityTests.swift */ = {isa = PBXFileReference; lastKnownFileType = sourcecode.swift; path = MatchActivityTests.swift; sourceTree = "<group>"; };
		C5B882D1EE1CB274586FD8BF /* MatchesPaginationTests.swift */ = {isa = PBXFileReference; lastKnownFileType = sourcecode.swift; path = MatchesPaginationTests.swift; sourceTree = "<group>"; };
		FBC10F166FAF03CCB60E3878 /* ModelDecodingTests.swift */ = {isa = PBXFileReference; lastKnownFileType = sourcecode.swift; path = ModelDecodingTests.swift; sourceTree = "<group>"; };
		815C0E91005F185ADD1BB80A /* PhotoPreparationTests.swift */ = {isa = PBXFileReference; lastKnownFileType = sourcecode.swift; path = PhotoPreparationTests.swift; sourceTree = "<group>"; };
		C73BB785B407A639CA4A43BE /* SafetyActionTests.swift */ = {isa = PBXFileReference; lastKnownFileType = sourcecode.swift; path = SafetyActionTests.swift; sourceTree = "<group>"; };
		FFF692B152794A354E8112E6 /* SessionExpiryTests.swift */ = {isa = PBXFileReference; lastKnownFileType = sourcecode.swift; path = SessionExpiryTests.swift; sourceTree = "<group>"; };
		6421CF9FF952488D98882615 /* ViewModelTests.swift */ = {isa = PBXFileReference; lastKnownFileType = sourcecode.swift; path = ViewModelTests.swift; sourceTree = "<group>"; };
		6E2969E6799F0C2572BD54F6 /* WatchLinkTests.swift */ = {isa = PBXFileReference; lastKnownFileType = sourcecode.swift; path = WatchLinkTests.swift; sourceTree = "<group>"; };
		F774E93889FAA62A3EE34B5A /* PlumSmokeTests.swift */ = {isa = PBXFileReference; lastKnownFileType = sourcecode.swift; path = PlumSmokeTests.swift; sourceTree = "<group>"; };
/* End PBXFileReference section */

/* Begin PBXFrameworksBuildPhase section */
		852684BB368426EA84E9155D /* Frameworks */ = {isa = PBXFrameworksBuildPhase; buildActionMask = 2147483647; files = ( ); runOnlyForDeploymentPostprocessing = 0; };
		F58A2D657EDC24E790029391 /* Frameworks */ = {isa = PBXFrameworksBuildPhase; buildActionMask = 2147483647; files = ( ); runOnlyForDeploymentPostprocessing = 0; };
		1404679C5124D9BCA997D075 /* Frameworks */ = {isa = PBXFrameworksBuildPhase; buildActionMask = 2147483647; files = ( ); runOnlyForDeploymentPostprocessing = 0; };
		930F74F5A396200C39A9F0E5 /* Frameworks */ = {isa = PBXFrameworksBuildPhase; buildActionMask = 2147483647; files = ( ); runOnlyForDeploymentPostprocessing = 0; };
		2735E7196C1D0000F5F6786A /* Frameworks */ = {isa = PBXFrameworksBuildPhase; buildActionMask = 2147483647; files = ( ); runOnlyForDeploymentPostprocessing = 0; };
/* End PBXFrameworksBuildPhase section */

/* Begin PBXGroup section */
		17F256149C150F24744854F9 = {
			isa = PBXGroup;
			children = (
				32D9631B8078C74469F4CB47 /* Plum */,
				1DAD6C31300DDA03CFCEDFC7 /* PlumShared */,
				A6452EB916FBDB3B80BECAB9 /* PlumWidgets */,
				9D26BD25B1C18BB4CC7F7FE4 /* PlumWatch */,
				BC63056CDBBF3CF0E53ABC9B /* PlumTests */,
				C89DC8D37E311F197D62DAB2 /* PlumUITests */,
				C863DA5204F95EC573510473 /* Products */,
			);
			sourceTree = "<group>";
		};
		C863DA5204F95EC573510473 /* Products */ = {
			isa = PBXGroup;
			children = (
				874EAA5235B922C63CEBAB17 /* Plum.app */,
				71874B036AA5C026B2F00C8B /* PlumWidgets.appex */,
				BF343C5698BABA5C2DC73EB3 /* PlumWatch.app */,
				F6198C84E75AE51518F3EB56 /* PlumTests.xctest */,
				FD8FC059059C87E65831603D /* PlumUITests.xctest */,
			);
			name = Products;
			sourceTree = "<group>";
		};
		32D9631B8078C74469F4CB47 /* Plum */ = {
			isa = PBXGroup;
			children = (
				213247CFDC8F03201FAD2B78 /* App */,
				70D8AF7DA5DED30CD74EE02A /* DesignSystem */,
				C98263162272564FD5F4CF82 /* Features */,
				8ED2458A29FB512DAAEE079F /* Networking */,
				3E7284DCE24575D9463EC2B9 /* Resources */,
				F48064813ACB122E22DEF66B /* Services */,
				DFFC53FE722795043BF3F753 /* Utilities */,
			);
			path = Plum;
			sourceTree = "<group>";
		};
		213247CFDC8F03201FAD2B78 /* App */ = {
			isa = PBXGroup;
			children = (
				52D492CDB71F0ED6D9AAEB49 /* AppEnvironment.swift */,
				3F0AFA45DD1EEF194490F23F /* LegalLinks.swift */,
				AA4A47D512D802569CBD89B6 /* PlumApp.swift */,
				D96309AD54F47A2400FA6F4F /* RootView.swift */,
				7CE113BE4081AA789BC015DE /* SelectionRefreshSignal.swift */,
				A33AF4A40088A1DA10B2C00F /* SessionStore.swift */,
			);
			path = App;
			sourceTree = "<group>";
		};
		70D8AF7DA5DED30CD74EE02A /* DesignSystem */ = {
			isa = PBXGroup;
			children = (
				CEAB3A9162B4969C9FC679DC /* AppearancePreference.swift */,
				37DA512E2E2A62A587B25081 /* Buttons.swift */,
				D9B40ED75E24F8FDE254BFE7 /* Components.swift */,
				B027F34AAF6DC97E77BDFFCC /* PlumTheme.swift */,
				64C9E037FEFA83B9DB99CC63 /* Typography.swift */,
			);
			path = DesignSystem;
			sourceTree = "<group>";
		};
		C98263162272564FD5F4CF82 /* Features */ = {
			isa = PBXGroup;
			children = (
				9B5F9119C4CD4ABB3F87CFD2 /* Auth */,
				1FA4F59980455AA450F78F54 /* Chat */,
				E1AB30BE3F335BEBC27AC224 /* Discovery */,
				FA570AFE0F559586257308B0 /* Matches */,
				C0C6F0D70AD519D3088D2941 /* Onboarding */,
				09CA6289B5C38B62DDC88058 /* Profile */,
				162F1B694F5BED1C45C192C9 /* Shared */,
			);
			path = Features;
			sourceTree = "<group>";
		};
		9B5F9119C4CD4ABB3F87CFD2 /* Auth */ = {
			isa = PBXGroup;
			children = (
				3EF1FBB7382110558947D6C2 /* AuthFormView.swift */,
				5C709763D5F3E536377A788F /* AuthViewModel.swift */,
				D27F01FDCF147DD7D399FA6D /* WelcomeView.swift */,
			);
			path = Auth;
			sourceTree = "<group>";
		};
		1FA4F59980455AA450F78F54 /* Chat */ = {
			isa = PBXGroup;
			children = (
				22DCD38862A9180E16E53E32 /* ChatView.swift */,
				C1EC97C579C78C07B718F967 /* ChatViewModel.swift */,
				BF68C6BC057B81997D51B941 /* MessageBubble.swift */,
			);
			path = Chat;
			sourceTree = "<group>";
		};
		E1AB30BE3F335BEBC27AC224 /* Discovery */ = {
			isa = PBXGroup;
			children = (
				F21393935DDC4E66693B377E /* DiscoveryViewModel.swift */,
				7B66144AF7973589DD75AEDB /* ProfileCardView.swift */,
				2351D48ADABF6ACFD93846A1 /* ProfileDetailView.swift */,
				D9FEAB7DDD016B735321E4E0 /* SelectionView.swift */,
				6BF9F50FBD726064A9335065 /* WriteFirstView.swift */,
			);
			path = Discovery;
			sourceTree = "<group>";
		};
		FA570AFE0F559586257308B0 /* Matches */ = {
			isa = PBXGroup;
			children = (
				111AECEEAAEDF807D9B00368 /* MatchesView.swift */,
				54280A92066F6529C0B5401E /* MatchesViewModel.swift */,
			);
			path = Matches;
			sourceTree = "<group>";
		};
		C0C6F0D70AD519D3088D2941 /* Onboarding */ = {
			isa = PBXGroup;
			children = (
				DC18CB8097EF0D1F30AB5229 /* OnboardingView.swift */,
				45628057C25EBEB3D42D3CFC /* OnboardingViewModel.swift */,
			);
			path = Onboarding;
			sourceTree = "<group>";
		};
		09CA6289B5C38B62DDC88058 /* Profile */ = {
			isa = PBXGroup;
			children = (
				E14D82409534B25FAEDD36F7 /* BlockedListView.swift */,
				1BF7BA10460120395D88AFB4 /* EditProfileView.swift */,
				D9AEA30DDF8DB6F3D7BC076D /* FlowLayout.swift */,
				B0A486F36F0D6F6CA606B752 /* ProfileView.swift */,
				F569DF044F5693394E1801CB /* ProfileViewModel.swift */,
				29A60B12923D673B94736E19 /* SettingsView.swift */,
			);
			path = Profile;
			sourceTree = "<group>";
		};
		162F1B694F5BED1C45C192C9 /* Shared */ = {
			isa = PBXGroup;
			children = (
				3E98808FC86D2390858FC27D /* LocationSync.swift */,
				BBA4FCDC1B4B7BDF95E5F83F /* MainTabView.swift */,
				34A232640BDF399D08EF1CA8 /* ReportSheet.swift */,
			);
			path = Shared;
			sourceTree = "<group>";
		};
		8ED2458A29FB512DAAEE079F /* Networking */ = {
			isa = PBXGroup;
			children = (
				C78A7E60A47C4557E79B1B7D /* AnyEncodable.swift */,
				58E2734C14CE0FD68E298B10 /* APIClient.swift */,
				99DAE4DD31F604D3AD691C8E /* APIConfiguration.swift */,
				10C0A24C2B618FF1D4BFD48F /* APIError.swift */,
				E5942DA484C5E72B50E60401 /* ChatSocket.swift */,
				46D31FB402A93943B0154602 /* Endpoint.swift */,
				5BBE7DD7B91F5572AD6544A7 /* HTTPMethod.swift */,
				4D0994E328C82F55C8975853 /* HTTPTransport.swift */,
				DA7237D7F065D14C6742D12F /* TokenStore.swift */,
			);
			path = Networking;
			sourceTree = "<group>";
		};
		3E7284DCE24575D9463EC2B9 /* Resources */ = {
			isa = PBXGroup;
			children = (
				938E6EE5E9DD3BF66842604D /* Assets.xcassets */,
			);
			path = Resources;
			sourceTree = "<group>";
		};
		F48064813ACB122E22DEF66B /* Services */ = {
			isa = PBXGroup;
			children = (
				B0993E97DE0924B52219661D /* AuthService.swift */,
				EAE8012D3E621E09B6F2E29C /* ChatService.swift */,
				EB0E126D3CF41F1805647C60 /* DemoServices.swift */,
				5C8353B347E22574D62202B9 /* DiscoveryService.swift */,
				0C2E1A6DBAB46C6ADFFF2A32 /* LocationProvider.swift */,
				948EA265FB09763FEF45D6E9 /* MatchActivityService.swift */,
				6126D46A6D8B6FE304041511 /* MatchService.swift */,
				8D819CC616610FD2FAF42E92 /* ProfileService.swift */,
				EA0D0379E88B5A57B4C5AAE5 /* SampleData.swift */,
				D3F7275F0E83850523D6FE68 /* WatchBridge.swift */,
			);
			path = Services;
			sourceTree = "<group>";
		};
		DFFC53FE722795043BF3F753 /* Utilities */ = {
			isa = PBXGroup;
			children = (
				F4198D43AF3D3FCD5FFBCF87 /* ActivityState.swift */,
				EBF709BD8ACE376B1AF45AEF /* Haptics.swift */,
				F4A10F35E19702B02A7FCAA4 /* PhotoPreparation.swift */,
				408BA7B9D546D175615A5F7A /* Profile+Presentation.swift */,
				3F15EA39F5171BABA582F1DF /* RelativeDateFormatting.swift */,
			);
			path = Utilities;
			sourceTree = "<group>";
		};
		1DAD6C31300DDA03CFCEDFC7 /* PlumShared */ = {
			isa = PBXGroup;
			children = (
				553E6092EE240ED76A876761 /* Activity */,
				A2CAB18010DA6C63C72DB520 /* Models */,
				8284F4CA47E5C6E6515EA5CD /* JSONCoders.swift */,
				00B07118B8AAA8455376318D /* PlumBrand.swift */,
				6E9CC9A99453D068ABFA4AAA /* WatchChatClient.swift */,
				357B94543A0B3C570ED12028 /* WatchLink.swift */,
			);
			path = PlumShared;
			sourceTree = "<group>";
		};
		553E6092EE240ED76A876761 /* Activity */ = {
			isa = PBXGroup;
			children = (
				D5ABBE1B725FF9B615DB1CA4 /* MatchActivityAttributes.swift */,
			);
			path = Activity;
			sourceTree = "<group>";
		};
		A2CAB18010DA6C63C72DB520 /* Models */ = {
			isa = PBXGroup;
			children = (
				26105B9367A2B8389525C8EB /* AuthTokens.swift */,
				29DF750815BA846D71FB9D5B /* BlockedPerson.swift */,
				91114DBECB3665FBEA09192C /* Conversation.swift */,
				228A23585A442B2B95F11570 /* DiscoveryPreferences.swift */,
				71AFAA871EEFA2498E7D0658 /* Gender.swift */,
				D8CA4C3ADA200998460F11EF /* Match.swift */,
				AFFAE8494EEBE9BAA5479822 /* Message.swift */,
				656004423E893D5AE6224CE1 /* Paginated.swift */,
				229BB6B07551C6E61A0D8473 /* Photo.swift */,
				7EADF7F7A21BFF10462E2A65 /* Profile.swift */,
				3F28D902EA51B60008904F09 /* Selection.swift */,
				CBBBE0F1B98D5C5C4DA59186 /* User.swift */,
			);
			path = Models;
			sourceTree = "<group>";
		};
		A6452EB916FBDB3B80BECAB9 /* PlumWidgets */ = {
			isa = PBXGroup;
			children = (
				A496C4FB86F4ED714E9A7C74 /* MatchLiveActivity.swift */,
				4FF7C021ECFF1EA5345687A9 /* PlumWidgetBundle.swift */,
			);
			path = PlumWidgets;
			sourceTree = "<group>";
		};
		9D26BD25B1C18BB4CC7F7FE4 /* PlumWatch */ = {
			isa = PBXGroup;
			children = (
				078C5E0E4F530E5CA10DDB48 /* ConversationsView.swift */,
				0DC68036AA458C1C070E7D58 /* PlumWatchApp.swift */,
				6D1F997B84876BF4EB057715 /* ThreadView.swift */,
				D123DFDA760D83DFA59F2E99 /* WatchSessionStore.swift */,
			);
			path = PlumWatch;
			sourceTree = "<group>";
		};
		BC63056CDBBF3CF0E53ABC9B /* PlumTests */ = {
			isa = PBXGroup;
			children = (
				F534AA1116CE2FA9788DDB33 /* APIClientTests.swift */,
				3D9BEC422CB2717F14A114F9 /* AppearanceTests.swift */,
				F642214FB5A179F889DAA562 /* ChatHistoryTests.swift */,
				01531848C731B692C9ADFC1E /* EndpointTests.swift */,
				C1C6AB5E02FDA840EDD7EC79 /* LocationSyncTests.swift */,
				9A401CE14353FDE8A997B9FA /* MatchActivityTests.swift */,
				C5B882D1EE1CB274586FD8BF /* MatchesPaginationTests.swift */,
				FBC10F166FAF03CCB60E3878 /* ModelDecodingTests.swift */,
				815C0E91005F185ADD1BB80A /* PhotoPreparationTests.swift */,
				C73BB785B407A639CA4A43BE /* SafetyActionTests.swift */,
				FFF692B152794A354E8112E6 /* SessionExpiryTests.swift */,
				6421CF9FF952488D98882615 /* ViewModelTests.swift */,
				6E2969E6799F0C2572BD54F6 /* WatchLinkTests.swift */,
			);
			path = PlumTests;
			sourceTree = "<group>";
		};
		C89DC8D37E311F197D62DAB2 /* PlumUITests */ = {
			isa = PBXGroup;
			children = (
				F774E93889FAA62A3EE34B5A /* PlumSmokeTests.swift */,
			);
			path = PlumUITests;
			sourceTree = "<group>";
		};
/* End PBXGroup section */

/* Begin PBXNativeTarget section */
		24EFFD2CE50B35985E470F12 /* Plum */ = {
			isa = PBXNativeTarget;
			buildConfigurationList = 431D432C6EB4BD1F191B77C2 /* Build configuration list for PBXNativeTarget "Plum" */;
			buildPhases = (
				17B9C3496EE432F019E98A87 /* Sources */,
				852684BB368426EA84E9155D /* Frameworks */,
				6485417D64783F4EACACFB45 /* Resources */,
				3A7083C1A3DF37F02B88EBF2 /* Embed Watch Content */,
				36AD046E2DA97F8D3C2C39E0 /* Embed Foundation Extensions */,
			);
			buildRules = (
			);
			dependencies = (
				6BDE0825A15C1B6A49252DBE /* PBXTargetDependency */,
				A84CD623A4025B4DF3021139 /* PBXTargetDependency */,
			);
			name = Plum;
			productName = Plum;
			productReference = 874EAA5235B922C63CEBAB17 /* Plum.app */;
			productType = "com.apple.product-type.application";
		};
		A99922CB97B04A15C1C9B7F4 /* PlumWidgets */ = {
			isa = PBXNativeTarget;
			buildConfigurationList = CECCD15E3D3F4790C7AE832D /* Build configuration list for PBXNativeTarget "PlumWidgets" */;
			buildPhases = (
				786D4077D16A54CAC66F179E /* Sources */,
				F58A2D657EDC24E790029391 /* Frameworks */,
				442A5FB11739CF18C187948D /* Resources */,
			);
			buildRules = (
			);
			dependencies = (
			);
			name = PlumWidgets;
			productName = PlumWidgets;
			productReference = 71874B036AA5C026B2F00C8B /* PlumWidgets.appex */;
			productType = "com.apple.product-type.app-extension";
		};
		05A3615BD742F14BE1D4CF33 /* PlumWatch */ = {
			isa = PBXNativeTarget;
			buildConfigurationList = A2C86672B6355B4DAFA702A6 /* Build configuration list for PBXNativeTarget "PlumWatch" */;
			buildPhases = (
				9A5BDD90723757B589046F02 /* Sources */,
				1404679C5124D9BCA997D075 /* Frameworks */,
				A7C86C6F69890D9BE1D9894A /* Resources */,
			);
			buildRules = (
			);
			dependencies = (
			);
			name = PlumWatch;
			productName = PlumWatch;
			productReference = BF343C5698BABA5C2DC73EB3 /* PlumWatch.app */;
			productType = "com.apple.product-type.application";
		};
		145C1F40256F7F81E95738F5 /* PlumTests */ = {
			isa = PBXNativeTarget;
			buildConfigurationList = 9E9EEAA2368BD8CC62F1D616 /* Build configuration list for PBXNativeTarget "PlumTests" */;
			buildPhases = (
				668A20210FAFEF553E37932A /* Sources */,
				930F74F5A396200C39A9F0E5 /* Frameworks */,
				9344DF0520C3F3CC2A6A6C06 /* Resources */,
			);
			buildRules = (
			);
			dependencies = (
				A3B2B78716CC821B8549F5BA /* PBXTargetDependency */,
			);
			name = PlumTests;
			productName = PlumTests;
			productReference = F6198C84E75AE51518F3EB56 /* PlumTests.xctest */;
			productType = "com.apple.product-type.bundle.unit-test";
		};
		C5A4606E23595B4A082162F5 /* PlumUITests */ = {
			isa = PBXNativeTarget;
			buildConfigurationList = 3C648ABCB51EDEED9FA33C23 /* Build configuration list for PBXNativeTarget "PlumUITests" */;
			buildPhases = (
				C301C4C2235EC34B748D8263 /* Sources */,
				2735E7196C1D0000F5F6786A /* Frameworks */,
				2E6788BBBBC545513A4F2EC7 /* Resources */,
			);
			buildRules = (
			);
			dependencies = (
				E03508BC38ED0068C6AF9E7D /* PBXTargetDependency */,
			);
			name = PlumUITests;
			productName = PlumUITests;
			productReference = FD8FC059059C87E65831603D /* PlumUITests.xctest */;
			productType = "com.apple.product-type.bundle.ui-testing";
		};
/* End PBXNativeTarget section */

/* Begin PBXProject section */
		22A027C6A78AADEE3219B8FD /* Project object */ = {
			isa = PBXProject;
			attributes = {
				BuildIndependentTargetsInParallel = 1;
				LastSwiftUpdateCheck = 1500;
				LastUpgradeCheck = 1500;
				TargetAttributes = {
					24EFFD2CE50B35985E470F12 = {
						CreatedOnToolsVersion = 15.0;
					};
					A99922CB97B04A15C1C9B7F4 = {
						CreatedOnToolsVersion = 15.0;
						TestTargetID = 24EFFD2CE50B35985E470F12;
					};
					05A3615BD742F14BE1D4CF33 = {
						CreatedOnToolsVersion = 15.0;
						TestTargetID = 24EFFD2CE50B35985E470F12;
					};
					145C1F40256F7F81E95738F5 = {
						CreatedOnToolsVersion = 15.0;
						TestTargetID = 24EFFD2CE50B35985E470F12;
					};
					C5A4606E23595B4A082162F5 = {
						CreatedOnToolsVersion = 15.0;
						TestTargetID = 24EFFD2CE50B35985E470F12;
					};
				};
			};
			buildConfigurationList = DB7BF59D8EFD5FCC383816EC /* Build configuration list for PBXProject "Plum" */;
			compatibilityVersion = "Xcode 15.0";
			developmentRegion = fr;
			hasScannedForEncodings = 0;
			knownRegions = (
				fr,
				en,
				Base,
			);
			mainGroup = 17F256149C150F24744854F9;
			productRefGroup = C863DA5204F95EC573510473 /* Products */;
			projectDirPath = "";
			projectRoot = "";
			targets = (
				24EFFD2CE50B35985E470F12 /* Plum */,
				A99922CB97B04A15C1C9B7F4 /* PlumWidgets */,
				05A3615BD742F14BE1D4CF33 /* PlumWatch */,
				145C1F40256F7F81E95738F5 /* PlumTests */,
				C5A4606E23595B4A082162F5 /* PlumUITests */,
			);
		};
/* End PBXProject section */

/* Begin PBXResourcesBuildPhase section */
		6485417D64783F4EACACFB45 /* Resources */ = {
			isa = PBXResourcesBuildPhase;
			buildActionMask = 2147483647;
			files = (
				F552862FE58909E9BF7F9101 /* Assets.xcassets in Resources */,
			);
			runOnlyForDeploymentPostprocessing = 0;
		};
		442A5FB11739CF18C187948D /* Resources */ = {
			isa = PBXResourcesBuildPhase;
			buildActionMask = 2147483647;
			files = (
			);
			runOnlyForDeploymentPostprocessing = 0;
		};
		A7C86C6F69890D9BE1D9894A /* Resources */ = {
			isa = PBXResourcesBuildPhase;
			buildActionMask = 2147483647;
			files = (
			);
			runOnlyForDeploymentPostprocessing = 0;
		};
		9344DF0520C3F3CC2A6A6C06 /* Resources */ = {
			isa = PBXResourcesBuildPhase;
			buildActionMask = 2147483647;
			files = (
			);
			runOnlyForDeploymentPostprocessing = 0;
		};
		2E6788BBBBC545513A4F2EC7 /* Resources */ = {
			isa = PBXResourcesBuildPhase;
			buildActionMask = 2147483647;
			files = (
			);
			runOnlyForDeploymentPostprocessing = 0;
		};
/* End PBXResourcesBuildPhase section */

/* Begin PBXSourcesBuildPhase section */
		17B9C3496EE432F019E98A87 /* Sources */ = {
			isa = PBXSourcesBuildPhase;
			buildActionMask = 2147483647;
			files = (
				8FC7EE805BAD5626D8142D7F /* AppEnvironment.swift in Sources */,
				EC399A1F47C4E766669C302E /* LegalLinks.swift in Sources */,
				09E83AEAA1DEE74041376B8D /* PlumApp.swift in Sources */,
				A429D9DCE81A027F6E599FD9 /* RootView.swift in Sources */,
				EBA0F90B5CC599EA19ABAEBF /* SelectionRefreshSignal.swift in Sources */,
				963B3B4D0F28BB027B04DC5B /* SessionStore.swift in Sources */,
				4A45E0B1A3EA465FADA46DA3 /* AppearancePreference.swift in Sources */,
				0484D669EF6CB5527567B1E9 /* Buttons.swift in Sources */,
				DA067512737A7A9F701F0F79 /* Components.swift in Sources */,
				A7E4388B8CF3D14E08F2582C /* PlumTheme.swift in Sources */,
				C6911428429D3D9CEFC64B82 /* Typography.swift in Sources */,
				90D7F9349E75C5BC74446471 /* AuthFormView.swift in Sources */,
				21A180C03D7ED2A13952A263 /* AuthViewModel.swift in Sources */,
				7B33B2E586E57FFACA2FAFF0 /* WelcomeView.swift in Sources */,
				A211617D53FD366E0B305736 /* ChatView.swift in Sources */,
				41CD82720977B100D4DC7AB7 /* ChatViewModel.swift in Sources */,
				1528B937C72CDDAD652DFD73 /* MessageBubble.swift in Sources */,
				0C07FE98182F5B570DBA222A /* DiscoveryViewModel.swift in Sources */,
				D900625EF32161CB4D9B8005 /* ProfileCardView.swift in Sources */,
				A824F1C0005EB1E8F0FD87A5 /* ProfileDetailView.swift in Sources */,
				BA3342090C9206FF071461E4 /* SelectionView.swift in Sources */,
				EFA804969D6A1A5C94619A6D /* WriteFirstView.swift in Sources */,
				E8C98D29A6A346CFF60B5776 /* MatchesView.swift in Sources */,
				48FA884E09ED0175EC0C4F67 /* MatchesViewModel.swift in Sources */,
				FFE4C076AAA1890ACC5A72A2 /* OnboardingView.swift in Sources */,
				6CA8170C02399A39C937E12C /* OnboardingViewModel.swift in Sources */,
				74D08F157DC79BF8F54A2BAD /* BlockedListView.swift in Sources */,
				3A4F70DE4E334CB7B2BCCAED /* EditProfileView.swift in Sources */,
				DB391994C6E05243F41A327F /* FlowLayout.swift in Sources */,
				586984E1568BABA29F3E9882 /* ProfileView.swift in Sources */,
				FA34F70B35DD2863C783BF73 /* ProfileViewModel.swift in Sources */,
				1E5C06C94CE69A4DEF5FF385 /* SettingsView.swift in Sources */,
				7C93A801778D3A9E4993919E /* LocationSync.swift in Sources */,
				47CC7EF56AA711D0019A2FAB /* MainTabView.swift in Sources */,
				C97A9BA84AAAA7CC63572D28 /* ReportSheet.swift in Sources */,
				D5FD9CE27BD46D98FB06769F /* AnyEncodable.swift in Sources */,
				3200E0BA760B028053FCF3CE /* APIClient.swift in Sources */,
				10C00B8BC7880808A01033C5 /* APIConfiguration.swift in Sources */,
				7B4CEA6455C59F389FC6A1E2 /* APIError.swift in Sources */,
				B8E4293B267EADF907CA4DFB /* ChatSocket.swift in Sources */,
				0BAD3A2D0E49CD57815ECB01 /* Endpoint.swift in Sources */,
				730AB76D4220FA9A60D355BB /* HTTPMethod.swift in Sources */,
				73D134332B93AA0EB68D9D94 /* HTTPTransport.swift in Sources */,
				18DBE26DB2D82372F4A7BBEC /* TokenStore.swift in Sources */,
				270930BAB6B58C530C26E533 /* AuthService.swift in Sources */,
				0F8B92DF589BE281BBAA0303 /* ChatService.swift in Sources */,
				8B45D17BDC7E3172346EAE27 /* DemoServices.swift in Sources */,
				00FFBE82529EF0F207BA7D62 /* DiscoveryService.swift in Sources */,
				7A81B86D45FD7C4CE7A64B96 /* LocationProvider.swift in Sources */,
				DC6E202BD126CEAB92CC2F79 /* MatchActivityService.swift in Sources */,
				006278814B0A2AA2536A51E3 /* MatchService.swift in Sources */,
				566661EE4C635208FBFF48EC /* ProfileService.swift in Sources */,
				ED0BDF8C130716CB63C96B52 /* SampleData.swift in Sources */,
				4E08F917AD03CEFA5A81EECA /* WatchBridge.swift in Sources */,
				91505810B539E25EF4FD3827 /* ActivityState.swift in Sources */,
				DC580AED5398CB62486791F5 /* Haptics.swift in Sources */,
				18385A34901E10B15848BE5A /* PhotoPreparation.swift in Sources */,
				CF32278B0C15DCF9005017D4 /* Profile+Presentation.swift in Sources */,
				B770BABDBF7352B28E7409A5 /* RelativeDateFormatting.swift in Sources */,
				D3BE02391E8E6F8AAE2D1AA6 /* MatchActivityAttributes.swift in Sources */,
				E7C71ED49D3AC744B8E922D0 /* AuthTokens.swift in Sources */,
				056806ECCB32DE1467C780AB /* BlockedPerson.swift in Sources */,
				2578842BF24935B067939146 /* Conversation.swift in Sources */,
				9475AD75C869446F0C627D58 /* DiscoveryPreferences.swift in Sources */,
				70C163CF22F543D6D4630414 /* Gender.swift in Sources */,
				32C2ED7803348428DCD10925 /* Match.swift in Sources */,
				7034B119CF5A4AE747BE26C8 /* Message.swift in Sources */,
				062D6C6778620E65A746A7BF /* Paginated.swift in Sources */,
				0C5DD5A30E0D7A6037F7A5BE /* Photo.swift in Sources */,
				755A2E56B993EBE290A0AFE5 /* Profile.swift in Sources */,
				F9E919736E63F079A14674C6 /* Selection.swift in Sources */,
				48E6933D8D42482BB06314D4 /* User.swift in Sources */,
				90BDF59654FD7BF7E2C1517A /* JSONCoders.swift in Sources */,
				311BA402686F8EBD271AED71 /* PlumBrand.swift in Sources */,
				F9225144D9683063C98FEEA5 /* WatchChatClient.swift in Sources */,
				825C1B893DABB1135460611D /* WatchLink.swift in Sources */,
			);
			runOnlyForDeploymentPostprocessing = 0;
		};
		786D4077D16A54CAC66F179E /* Sources */ = {
			isa = PBXSourcesBuildPhase;
			buildActionMask = 2147483647;
			files = (
				E52AD76FBCF459CF5F2B3427 /* MatchLiveActivity.swift in Sources */,
				C31D19DB1D2C8A70A2339405 /* PlumWidgetBundle.swift in Sources */,
				0781A01B79BA6AE751CF021F /* MatchActivityAttributes.swift in Sources */,
				E408843B183CDEE3EB949F51 /* AuthTokens.swift in Sources */,
				CD1B98480EA00F98B6488AE3 /* BlockedPerson.swift in Sources */,
				CFBAC342659D4656FFF50253 /* Conversation.swift in Sources */,
				D2E215C07CD441F926195D14 /* DiscoveryPreferences.swift in Sources */,
				E5FE283B8D3112B7CA861243 /* Gender.swift in Sources */,
				B63FC6B703269C1934D42CD5 /* Match.swift in Sources */,
				05A66C2488FB61DE36EDA5DE /* Message.swift in Sources */,
				1844EF7A4CCBE447CC6C7CFA /* Paginated.swift in Sources */,
				FED28203073702E98ECB4F0D /* Photo.swift in Sources */,
				6C309389E4A323FB015F94A0 /* Profile.swift in Sources */,
				849FA9539CF7E6F09BDD60F6 /* Selection.swift in Sources */,
				E99D7D0756ABA187861568A1 /* User.swift in Sources */,
				6241A58617EC91769C6784DF /* JSONCoders.swift in Sources */,
				039B139DF42CD357FEA02EB0 /* PlumBrand.swift in Sources */,
				07CA63A6654FD51D5096B731 /* WatchChatClient.swift in Sources */,
				8A2A77FFFD1E66B004C9A3FA /* WatchLink.swift in Sources */,
			);
			runOnlyForDeploymentPostprocessing = 0;
		};
		9A5BDD90723757B589046F02 /* Sources */ = {
			isa = PBXSourcesBuildPhase;
			buildActionMask = 2147483647;
			files = (
				F016F533E4E91F8727684866 /* ConversationsView.swift in Sources */,
				46C3F6A7176156D94ED3AD3D /* PlumWatchApp.swift in Sources */,
				24F027AD685A02F58BDB2341 /* ThreadView.swift in Sources */,
				A2286D9921499806581708A4 /* WatchSessionStore.swift in Sources */,
				716BAF2FE01F0EC007ECB0D3 /* AuthTokens.swift in Sources */,
				B440110793944DB75030E436 /* BlockedPerson.swift in Sources */,
				2D5FF315014416AA364E8685 /* Conversation.swift in Sources */,
				6F5CE3D4FE1C85861E9F81F4 /* DiscoveryPreferences.swift in Sources */,
				FC897FC5EC1E91421EB691C1 /* Gender.swift in Sources */,
				90F6004136BE2FD110BAEE9E /* Match.swift in Sources */,
				FADE07FF4CCD9BDABE750F20 /* Message.swift in Sources */,
				E1CE939085CA2D642DB37C6D /* Paginated.swift in Sources */,
				59C58E4D37275FEAA316CCBD /* Photo.swift in Sources */,
				438D9733228D7DA256AEB5A5 /* Profile.swift in Sources */,
				A7F8F31545E7B97425BBFA01 /* Selection.swift in Sources */,
				8BD6B7B518ACAF1B2288A891 /* User.swift in Sources */,
				5796ECB3F960D0B5287607CA /* JSONCoders.swift in Sources */,
				2102FD94348C1085D9F8DEA7 /* PlumBrand.swift in Sources */,
				6DAEDFCC8942F759FA4BBC27 /* WatchChatClient.swift in Sources */,
				28E6886374B590440302F85A /* WatchLink.swift in Sources */,
			);
			runOnlyForDeploymentPostprocessing = 0;
		};
		668A20210FAFEF553E37932A /* Sources */ = {
			isa = PBXSourcesBuildPhase;
			buildActionMask = 2147483647;
			files = (
				5596DE1262582002B27C2DA8 /* APIClientTests.swift in Sources */,
				B49912DA0220ED01F5E4C08C /* AppearanceTests.swift in Sources */,
				4421507A7B2D117CB3F6F5D0 /* ChatHistoryTests.swift in Sources */,
				8CB1C0F207FA2CD546CF067F /* EndpointTests.swift in Sources */,
				C1081F77A62E094A554A1FF0 /* LocationSyncTests.swift in Sources */,
				E71D7A19B0E8BFB88C876B6C /* MatchActivityTests.swift in Sources */,
				482BD5C22F1310CA6A0CE491 /* MatchesPaginationTests.swift in Sources */,
				4222EE5F9E440941A32917B3 /* ModelDecodingTests.swift in Sources */,
				0362231E8191961EAE999623 /* PhotoPreparationTests.swift in Sources */,
				7CBCEB59970E21D11F3353D3 /* SafetyActionTests.swift in Sources */,
				591AB53E84DC941B84B92932 /* SessionExpiryTests.swift in Sources */,
				5785D2349686DF8F2A863C2A /* ViewModelTests.swift in Sources */,
				F251F48951B35E811835CD89 /* WatchLinkTests.swift in Sources */,
			);
			runOnlyForDeploymentPostprocessing = 0;
		};
		C301C4C2235EC34B748D8263 /* Sources */ = {
			isa = PBXSourcesBuildPhase;
			buildActionMask = 2147483647;
			files = (
				63FC223EFF6EBB10CA1F0D8E /* PlumSmokeTests.swift in Sources */,
			);
			runOnlyForDeploymentPostprocessing = 0;
		};
/* End PBXSourcesBuildPhase section */

/* Begin PBXTargetDependency section */
		6BDE0825A15C1B6A49252DBE /* PBXTargetDependency */ = {
			isa = PBXTargetDependency;
			target = A99922CB97B04A15C1C9B7F4 /* PlumWidgets */;
			targetProxy = 7DD316B21D7137D784F11695 /* PBXContainerItemProxy */;
		};
		A84CD623A4025B4DF3021139 /* PBXTargetDependency */ = {
			isa = PBXTargetDependency;
			target = 05A3615BD742F14BE1D4CF33 /* PlumWatch */;
			targetProxy = 4ACC7EA0AE8C8933AF754B1D /* PBXContainerItemProxy */;
		};
		A3B2B78716CC821B8549F5BA /* PBXTargetDependency */ = {
			isa = PBXTargetDependency;
			target = 24EFFD2CE50B35985E470F12 /* Plum */;
			targetProxy = 271A3D7966711A268FFCE279 /* PBXContainerItemProxy */;
		};
		E03508BC38ED0068C6AF9E7D /* PBXTargetDependency */ = {
			isa = PBXTargetDependency;
			target = 24EFFD2CE50B35985E470F12 /* Plum */;
			targetProxy = CC0A233629C202C9B5AD55F9 /* PBXContainerItemProxy */;
		};
/* End PBXTargetDependency section */

/* Begin XCBuildConfiguration section */
		9F1290E8DE17AECD783A0406 /* Debug */ = {
			isa = XCBuildConfiguration;
			buildSettings = {
				ALWAYS_SEARCH_USER_PATHS = NO;
				ASSETCATALOG_COMPILER_GENERATE_SWIFT_ASSET_SYMBOL_EXTENSIONS = YES;
				CLANG_ANALYZER_NONNULL = YES;
				CLANG_ANALYZER_NUMBER_OBJECT_CONVERSION = YES_AGGRESSIVE;
				CLANG_ENABLE_MODULES = YES;
				CLANG_ENABLE_OBJC_ARC = YES;
				CLANG_ENABLE_OBJC_WEAK = YES;
				CLANG_WARN_BLOCK_CAPTURE_AUTORELEASING = YES;
				CLANG_WARN_BOOL_CONVERSION = YES;
				CLANG_WARN_COMMA = YES;
				CLANG_WARN_CONSTANT_CONVERSION = YES;
				CLANG_WARN_DEPRECATED_OBJC_IMPLEMENTATIONS = YES;
				CLANG_WARN_DIRECT_OBJC_ISA_USAGE = YES_ERROR;
				CLANG_WARN_DOCUMENTATION_COMMENTS = YES;
				CLANG_WARN_EMPTY_BODY = YES;
				CLANG_WARN_ENUM_CONVERSION = YES;
				CLANG_WARN_INFINITE_RECURSION = YES;
				CLANG_WARN_INT_CONVERSION = YES;
				CLANG_WARN_NON_LITERAL_NULL_CONVERSION = YES;
				CLANG_WARN_OBJC_IMPLICIT_RETAIN_SELF = YES;
				CLANG_WARN_OBJC_LITERAL_CONVERSION = YES;
				CLANG_WARN_OBJC_ROOT_CLASS = YES_ERROR;
				CLANG_WARN_QUOTED_INCLUDE_IN_FRAMEWORK_HEADER = YES;
				CLANG_WARN_RANGE_LOOP_ANALYSIS = YES;
				CLANG_WARN_STRICT_PROTOTYPES = YES;
				CLANG_WARN_SUSPICIOUS_MOVE = YES;
				CLANG_WARN_UNGUARDED_AVAILABILITY = YES_AGGRESSIVE;
				CLANG_WARN_UNREACHABLE_CODE = YES;
				CLANG_WARN__DUPLICATE_METHOD_MATCH = YES;
				COPY_PHASE_STRIP = NO;
				DEBUG_INFORMATION_FORMAT = dwarf;
				ENABLE_STRICT_OBJC_MSGSEND = YES;
				ENABLE_TESTABILITY = YES;
				ENABLE_USER_SCRIPT_SANDBOXING = YES;
				GCC_C_LANGUAGE_STANDARD = gnu17;
				GCC_DYNAMIC_NO_PIC = NO;
				GCC_NO_COMMON_BLOCKS = YES;
				GCC_OPTIMIZATION_LEVEL = 0;
				GCC_PREPROCESSOR_DEFINITIONS = "DEBUG=1 $(inherited)";
				GCC_WARN_64_TO_32_BIT_CONVERSION = YES;
				GCC_WARN_ABOUT_RETURN_TYPE = YES_ERROR;
				GCC_WARN_UNDECLARED_SELECTOR = YES;
				GCC_WARN_UNINITIALIZED_AUTOS = YES_AGGRESSIVE;
				GCC_WARN_UNUSED_FUNCTION = YES;
				GCC_WARN_UNUSED_VARIABLE = YES;
				IPHONEOS_DEPLOYMENT_TARGET = 17.0;
				LOCALIZATION_PREFERS_STRING_CATALOGS = YES;
				MTL_ENABLE_DEBUG_INFO = INCLUDE_SOURCE;
				MTL_FAST_MATH = YES;
				ONLY_ACTIVE_ARCH = YES;
				SDKROOT = iphoneos;
				SWIFT_ACTIVE_COMPILATION_CONDITIONS = "DEBUG $(inherited)";
				SWIFT_EMIT_LOC_STRINGS = YES;
				SWIFT_OPTIMIZATION_LEVEL = "-Onone";
			};
			name = Debug;
		};
		4ABB90D763809706ED14133A /* Release */ = {
			isa = XCBuildConfiguration;
			buildSettings = {
				ALWAYS_SEARCH_USER_PATHS = NO;
				ASSETCATALOG_COMPILER_GENERATE_SWIFT_ASSET_SYMBOL_EXTENSIONS = YES;
				CLANG_ANALYZER_NONNULL = YES;
				CLANG_ANALYZER_NUMBER_OBJECT_CONVERSION = YES_AGGRESSIVE;
				CLANG_ENABLE_MODULES = YES;
				CLANG_ENABLE_OBJC_ARC = YES;
				CLANG_ENABLE_OBJC_WEAK = YES;
				CLANG_WARN_BLOCK_CAPTURE_AUTORELEASING = YES;
				CLANG_WARN_BOOL_CONVERSION = YES;
				CLANG_WARN_COMMA = YES;
				CLANG_WARN_CONSTANT_CONVERSION = YES;
				CLANG_WARN_DEPRECATED_OBJC_IMPLEMENTATIONS = YES;
				CLANG_WARN_DIRECT_OBJC_ISA_USAGE = YES_ERROR;
				CLANG_WARN_DOCUMENTATION_COMMENTS = YES;
				CLANG_WARN_EMPTY_BODY = YES;
				CLANG_WARN_ENUM_CONVERSION = YES;
				CLANG_WARN_INFINITE_RECURSION = YES;
				CLANG_WARN_INT_CONVERSION = YES;
				CLANG_WARN_NON_LITERAL_NULL_CONVERSION = YES;
				CLANG_WARN_OBJC_IMPLICIT_RETAIN_SELF = YES;
				CLANG_WARN_OBJC_LITERAL_CONVERSION = YES;
				CLANG_WARN_OBJC_ROOT_CLASS = YES_ERROR;
				CLANG_WARN_QUOTED_INCLUDE_IN_FRAMEWORK_HEADER = YES;
				CLANG_WARN_RANGE_LOOP_ANALYSIS = YES;
				CLANG_WARN_STRICT_PROTOTYPES = YES;
				CLANG_WARN_SUSPICIOUS_MOVE = YES;
				CLANG_WARN_UNGUARDED_AVAILABILITY = YES_AGGRESSIVE;
				CLANG_WARN_UNREACHABLE_CODE = YES;
				CLANG_WARN__DUPLICATE_METHOD_MATCH = YES;
				COPY_PHASE_STRIP = NO;
				DEBUG_INFORMATION_FORMAT = "dwarf-with-dsym";
				ENABLE_NS_ASSERTIONS = NO;
				ENABLE_STRICT_OBJC_MSGSEND = YES;
				ENABLE_USER_SCRIPT_SANDBOXING = YES;
				GCC_C_LANGUAGE_STANDARD = gnu17;
				GCC_NO_COMMON_BLOCKS = YES;
				GCC_WARN_64_TO_32_BIT_CONVERSION = YES;
				GCC_WARN_ABOUT_RETURN_TYPE = YES_ERROR;
				GCC_WARN_UNDECLARED_SELECTOR = YES;
				GCC_WARN_UNINITIALIZED_AUTOS = YES_AGGRESSIVE;
				GCC_WARN_UNUSED_FUNCTION = YES;
				GCC_WARN_UNUSED_VARIABLE = YES;
				IPHONEOS_DEPLOYMENT_TARGET = 17.0;
				LOCALIZATION_PREFERS_STRING_CATALOGS = YES;
				MTL_ENABLE_DEBUG_INFO = NO;
				MTL_FAST_MATH = YES;
				SDKROOT = iphoneos;
				SWIFT_COMPILATION_MODE = wholemodule;
				SWIFT_EMIT_LOC_STRINGS = YES;
				VALIDATE_PRODUCT = YES;
			};
			name = Release;
		};
		3E67B7845C4644439C31D5D8 /* Debug */ = {
			isa = XCBuildConfiguration;
			buildSettings = {
				ASSETCATALOG_COMPILER_APPICON_NAME = AppIcon;
				ASSETCATALOG_COMPILER_GLOBAL_ACCENT_COLOR_NAME = AccentColor;
				CODE_SIGN_STYLE = Automatic;
				CURRENT_PROJECT_VERSION = 1;
				ENABLE_PREVIEWS = YES;
				GENERATE_INFOPLIST_FILE = YES;
				INFOPLIST_KEY_CFBundleDisplayName = "Plum \U2023";
				INFOPLIST_KEY_LSApplicationCategoryType = "public.app-category.social-networking";
				INFOPLIST_KEY_NSCameraUsageDescription = "Pour prendre une photo de profil.";
				INFOPLIST_KEY_NSLocationWhenInUseUsageDescription = "Pour vous montrer qui est dans le coin.";
				INFOPLIST_KEY_NSPhotoLibraryUsageDescription = "Pour choisir vos photos de profil.";
				INFOPLIST_KEY_NSSupportsLiveActivities = YES;
				INFOPLIST_KEY_UIApplicationSceneManifest_Generation = YES;
				INFOPLIST_KEY_UILaunchScreen_Generation = YES;
				INFOPLIST_KEY_UISupportedInterfaceOrientations = "UIInterfaceOrientationPortrait";
				LD_RUNPATH_SEARCH_PATHS = (
					"$(inherited)",
					"@executable_path/Frameworks",
				);
				MARKETING_VERSION = 1.0;
				PRODUCT_BUNDLE_IDENTIFIER = app.plum.ios;
				PRODUCT_NAME = "$(TARGET_NAME)";
				SWIFT_VERSION = 5.0;
				TARGETED_DEVICE_FAMILY = 1;
			};
			name = Debug;
		};
		EAD08316B01603D7BAC4E4BD /* Release */ = {
			isa = XCBuildConfiguration;
			buildSettings = {
				ASSETCATALOG_COMPILER_APPICON_NAME = AppIcon;
				ASSETCATALOG_COMPILER_GLOBAL_ACCENT_COLOR_NAME = AccentColor;
				CODE_SIGN_STYLE = Automatic;
				CURRENT_PROJECT_VERSION = 1;
				ENABLE_PREVIEWS = YES;
				GENERATE_INFOPLIST_FILE = YES;
				INFOPLIST_KEY_CFBundleDisplayName = "Plum \U2023";
				INFOPLIST_KEY_LSApplicationCategoryType = "public.app-category.social-networking";
				INFOPLIST_KEY_NSCameraUsageDescription = "Pour prendre une photo de profil.";
				INFOPLIST_KEY_NSLocationWhenInUseUsageDescription = "Pour vous montrer qui est dans le coin.";
				INFOPLIST_KEY_NSPhotoLibraryUsageDescription = "Pour choisir vos photos de profil.";
				INFOPLIST_KEY_NSSupportsLiveActivities = YES;
				INFOPLIST_KEY_UIApplicationSceneManifest_Generation = YES;
				INFOPLIST_KEY_UILaunchScreen_Generation = YES;
				INFOPLIST_KEY_UISupportedInterfaceOrientations = "UIInterfaceOrientationPortrait";
				LD_RUNPATH_SEARCH_PATHS = (
					"$(inherited)",
					"@executable_path/Frameworks",
				);
				MARKETING_VERSION = 1.0;
				PRODUCT_BUNDLE_IDENTIFIER = app.plum.ios;
				PRODUCT_NAME = "$(TARGET_NAME)";
				SWIFT_VERSION = 5.0;
				TARGETED_DEVICE_FAMILY = 1;
			};
			name = Release;
		};
		B56D164CB8772217A1419674 /* Debug */ = {
			isa = XCBuildConfiguration;
			buildSettings = {
				ASSETCATALOG_COMPILER_GLOBAL_ACCENT_COLOR_NAME = AccentColor;
				CODE_SIGN_STYLE = Automatic;
				CURRENT_PROJECT_VERSION = 1;
				GENERATE_INFOPLIST_FILE = YES;
				INFOPLIST_FILE = PlumWidgets/Info.plist;
				INFOPLIST_KEY_CFBundleDisplayName = "Plum";
				INFOPLIST_KEY_NSHumanReadableCopyright = "";
				LD_RUNPATH_SEARCH_PATHS = (
					"$(inherited)",
					"@executable_path/Frameworks",
					"@executable_path/../../Frameworks",
				);
				MARKETING_VERSION = 1.0;
				PRODUCT_BUNDLE_IDENTIFIER = app.plum.ios.widgets;
				PRODUCT_NAME = "$(TARGET_NAME)";
				SKIP_INSTALL = YES;
				SWIFT_EMIT_LOC_STRINGS = YES;
				SWIFT_VERSION = 5.0;
				TARGETED_DEVICE_FAMILY = 1;
			};
			name = Debug;
		};
		3F7EF99C0BE7D42E43D95A18 /* Release */ = {
			isa = XCBuildConfiguration;
			buildSettings = {
				ASSETCATALOG_COMPILER_GLOBAL_ACCENT_COLOR_NAME = AccentColor;
				CODE_SIGN_STYLE = Automatic;
				CURRENT_PROJECT_VERSION = 1;
				GENERATE_INFOPLIST_FILE = YES;
				INFOPLIST_FILE = PlumWidgets/Info.plist;
				INFOPLIST_KEY_CFBundleDisplayName = "Plum";
				INFOPLIST_KEY_NSHumanReadableCopyright = "";
				LD_RUNPATH_SEARCH_PATHS = (
					"$(inherited)",
					"@executable_path/Frameworks",
					"@executable_path/../../Frameworks",
				);
				MARKETING_VERSION = 1.0;
				PRODUCT_BUNDLE_IDENTIFIER = app.plum.ios.widgets;
				PRODUCT_NAME = "$(TARGET_NAME)";
				SKIP_INSTALL = YES;
				SWIFT_EMIT_LOC_STRINGS = YES;
				SWIFT_VERSION = 5.0;
				TARGETED_DEVICE_FAMILY = 1;
			};
			name = Release;
		};
		11C7A7028506691B1D3AD0FB /* Debug */ = {
			isa = XCBuildConfiguration;
			buildSettings = {
				CODE_SIGN_STYLE = Automatic;
				CURRENT_PROJECT_VERSION = 1;
				ENABLE_PREVIEWS = YES;
				GENERATE_INFOPLIST_FILE = YES;
				INFOPLIST_KEY_CFBundleDisplayName = "Plum";
				INFOPLIST_KEY_UISupportedInterfaceOrientations = (
					UIInterfaceOrientationPortrait,
					UIInterfaceOrientationPortraitUpsideDown,
				);
				INFOPLIST_KEY_WKApplication = YES;
				INFOPLIST_KEY_WKCompanionAppBundleIdentifier = app.plum.ios;
				MARKETING_VERSION = 1.0;
				PRODUCT_BUNDLE_IDENTIFIER = app.plum.ios.watchkitapp;
				PRODUCT_NAME = "$(TARGET_NAME)";
				SDKROOT = watchos;
				SKIP_INSTALL = YES;
				SWIFT_EMIT_LOC_STRINGS = YES;
				SWIFT_VERSION = 5.0;
				TARGETED_DEVICE_FAMILY = 4;
				WATCHOS_DEPLOYMENT_TARGET = 10.0;
			};
			name = Debug;
		};
		09374628231CC2E40DEC65F5 /* Release */ = {
			isa = XCBuildConfiguration;
			buildSettings = {
				CODE_SIGN_STYLE = Automatic;
				CURRENT_PROJECT_VERSION = 1;
				ENABLE_PREVIEWS = YES;
				GENERATE_INFOPLIST_FILE = YES;
				INFOPLIST_KEY_CFBundleDisplayName = "Plum";
				INFOPLIST_KEY_UISupportedInterfaceOrientations = (
					UIInterfaceOrientationPortrait,
					UIInterfaceOrientationPortraitUpsideDown,
				);
				INFOPLIST_KEY_WKApplication = YES;
				INFOPLIST_KEY_WKCompanionAppBundleIdentifier = app.plum.ios;
				MARKETING_VERSION = 1.0;
				PRODUCT_BUNDLE_IDENTIFIER = app.plum.ios.watchkitapp;
				PRODUCT_NAME = "$(TARGET_NAME)";
				SDKROOT = watchos;
				SKIP_INSTALL = YES;
				SWIFT_EMIT_LOC_STRINGS = YES;
				SWIFT_VERSION = 5.0;
				TARGETED_DEVICE_FAMILY = 4;
				WATCHOS_DEPLOYMENT_TARGET = 10.0;
			};
			name = Release;
		};
		804465DA7E3FA8BBD8614E13 /* Debug */ = {
			isa = XCBuildConfiguration;
			buildSettings = {
				BUNDLE_LOADER = "$(TEST_HOST)";
				CODE_SIGN_STYLE = Automatic;
				CURRENT_PROJECT_VERSION = 1;
				GENERATE_INFOPLIST_FILE = YES;
				MARKETING_VERSION = 1.0;
				PRODUCT_BUNDLE_IDENTIFIER = app.plum.ios.tests;
				PRODUCT_NAME = "$(TARGET_NAME)";
				SWIFT_VERSION = 5.0;
				TARGETED_DEVICE_FAMILY = 1;
				TEST_HOST = "$(BUILT_PRODUCTS_DIR)/Plum.app/$(BUNDLE_EXECUTABLE_FOLDER_PATH)/Plum";
			};
			name = Debug;
		};
		F85FDB1C2E642F37D19311A4 /* Release */ = {
			isa = XCBuildConfiguration;
			buildSettings = {
				BUNDLE_LOADER = "$(TEST_HOST)";
				CODE_SIGN_STYLE = Automatic;
				CURRENT_PROJECT_VERSION = 1;
				GENERATE_INFOPLIST_FILE = YES;
				MARKETING_VERSION = 1.0;
				PRODUCT_BUNDLE_IDENTIFIER = app.plum.ios.tests;
				PRODUCT_NAME = "$(TARGET_NAME)";
				SWIFT_VERSION = 5.0;
				TARGETED_DEVICE_FAMILY = 1;
				TEST_HOST = "$(BUILT_PRODUCTS_DIR)/Plum.app/$(BUNDLE_EXECUTABLE_FOLDER_PATH)/Plum";
			};
			name = Release;
		};
		4C6D09A2904DE7EB5434F969 /* Debug */ = {
			isa = XCBuildConfiguration;
			buildSettings = {
				CODE_SIGN_STYLE = Automatic;
				CURRENT_PROJECT_VERSION = 1;
				GENERATE_INFOPLIST_FILE = YES;
				MARKETING_VERSION = 1.0;
				PRODUCT_BUNDLE_IDENTIFIER = app.plum.ios.uitests;
				PRODUCT_NAME = "$(TARGET_NAME)";
				SWIFT_VERSION = 5.0;
				TARGETED_DEVICE_FAMILY = 1;
				TEST_TARGET_NAME = Plum;
			};
			name = Debug;
		};
		4689E84A79680E3050264E26 /* Release */ = {
			isa = XCBuildConfiguration;
			buildSettings = {
				CODE_SIGN_STYLE = Automatic;
				CURRENT_PROJECT_VERSION = 1;
				GENERATE_INFOPLIST_FILE = YES;
				MARKETING_VERSION = 1.0;
				PRODUCT_BUNDLE_IDENTIFIER = app.plum.ios.uitests;
				PRODUCT_NAME = "$(TARGET_NAME)";
				SWIFT_VERSION = 5.0;
				TARGETED_DEVICE_FAMILY = 1;
				TEST_TARGET_NAME = Plum;
			};
			name = Release;
		};
/* End XCBuildConfiguration section */

/* Begin XCConfigurationList section */
		DB7BF59D8EFD5FCC383816EC /* Build configuration list for PBXProject "Plum" */ = {
			isa = XCConfigurationList;
			buildConfigurations = (
				9F1290E8DE17AECD783A0406 /* Debug */,
				4ABB90D763809706ED14133A /* Release */,
			);
			defaultConfigurationIsVisible = 0;
			defaultConfigurationName = Release;
		};
		431D432C6EB4BD1F191B77C2 /* Build configuration list for PBXNativeTarget "Plum" */ = {
			isa = XCConfigurationList;
			buildConfigurations = (
				3E67B7845C4644439C31D5D8 /* Debug */,
				EAD08316B01603D7BAC4E4BD /* Release */,
			);
			defaultConfigurationIsVisible = 0;
			defaultConfigurationName = Release;
		};
		CECCD15E3D3F4790C7AE832D /* Build configuration list for PBXNativeTarget "PlumWidgets" */ = {
			isa = XCConfigurationList;
			buildConfigurations = (
				B56D164CB8772217A1419674 /* Debug */,
				3F7EF99C0BE7D42E43D95A18 /* Release */,
			);
			defaultConfigurationIsVisible = 0;
			defaultConfigurationName = Release;
		};
		A2C86672B6355B4DAFA702A6 /* Build configuration list for PBXNativeTarget "PlumWatch" */ = {
			isa = XCConfigurationList;
			buildConfigurations = (
				11C7A7028506691B1D3AD0FB /* Debug */,
				09374628231CC2E40DEC65F5 /* Release */,
			);
			defaultConfigurationIsVisible = 0;
			defaultConfigurationName = Release;
		};
		9E9EEAA2368BD8CC62F1D616 /* Build configuration list for PBXNativeTarget "PlumTests" */ = {
			isa = XCConfigurationList;
			buildConfigurations = (
				804465DA7E3FA8BBD8614E13 /* Debug */,
				F85FDB1C2E642F37D19311A4 /* Release */,
			);
			defaultConfigurationIsVisible = 0;
			defaultConfigurationName = Release;
		};
		3C648ABCB51EDEED9FA33C23 /* Build configuration list for PBXNativeTarget "PlumUITests" */ = {
			isa = XCConfigurationList;
			buildConfigurations = (
				4C6D09A2904DE7EB5434F969 /* Debug */,
				4689E84A79680E3050264E26 /* Release */,
			);
			defaultConfigurationIsVisible = 0;
			defaultConfigurationName = Release;
		};
/* End XCConfigurationList section */
	};
	rootObject = 22A027C6A78AADEE3219B8FD /* Project object */;
}
